PODS:
  - AVHexColor (1.1.0)
  - ParseKit (0.7)
  - ScrivelEngine (0.0.1):
    - AVHexColor
    - ParseKit (~> 0.7)

DEPENDENCIES:
  - ScrivelEngine (from `.`)

EXTERNAL SOURCES:
  ScrivelEngine:
    :path: .

SPEC CHECKSUMS:
  AVHexColor: 544ee59a39c26d2d835e1163db48fc6c82860583
  ParseKit: 3e29375d37e10b468fa2298ad7304a10f553bcef
  ScrivelEngine: f973fc84e471dc0cfdd696149f84b7492a0814fb

COCOAPODS: 0.29.0
