PODS:
  - ParseKit (0.7)
  - ScrivelEngine (0.0.1):
    - ParseKit (~> 0.7)

DEPENDENCIES:
  - ParseKit (~> 0.7)
  - ScrivelEngine (from `.`)

EXTERNAL SOURCES:
  ScrivelEngine:
    :path: .

SPEC CHECKSUMS:
  ParseKit: 3e29375d37e10b468fa2298ad7304a10f553bcef
  ScrivelEngine: 7a72a34f0dd60d09ef09166dc57e8f67eea79da7

COCOAPODS: 0.29.0
