// !$*UTF8*$!
{
	archiveVersion = 1;
	classes = {
	};
	objectVersion = 46;
	objects = {

/* Begin PBXBuildFile section */
		A604521C18B399C900B85928 /* map.json in Resources */ = {isa = PBXBuildFile; fileRef = A604521B18B399C900B85928 /* map.json */; };
		A604521D18B399C900B85928 /* map.json in Resources */ = {isa = PBXBuildFile; fileRef = A604521B18B399C900B85928 /* map.json */; };
		A604521E18B399C900B85928 /* map.json in Resources */ = {isa = PBXBuildFile; fileRef = A604521B18B399C900B85928 /* map.json */; };
		A604522818B3A30B00B85928 /* SELayer.h in Headers */ = {isa = PBXBuildFile; fileRef = A604522518B3A30B00B85928 /* SELayer.h */; };
		A604522918B3A30B00B85928 /* SELayer.h in Headers */ = {isa = PBXBuildFile; fileRef = A604522518B3A30B00B85928 /* SELayer.h */; };
		A604522C18B3A30B00B85928 /* SETextLayer.h in Headers */ = {isa = PBXBuildFile; fileRef = A604522718B3A30B00B85928 /* SETextLayer.h */; };
		A604522D18B3A30B00B85928 /* SETextLayer.h in Headers */ = {isa = PBXBuildFile; fileRef = A604522718B3A30B00B85928 /* SETextLayer.h */; };
		A604522F18B3A35A00B85928 /* SEObject.h in Headers */ = {isa = PBXBuildFile; fileRef = A604522E18B3A35A00B85928 /* SEObject.h */; };
		A604523018B3A35A00B85928 /* SEObject.h in Headers */ = {isa = PBXBuildFile; fileRef = A604522E18B3A35A00B85928 /* SEObject.h */; };
		A604523718B3A58B00B85928 /* SEBasicLayer.h in Headers */ = {isa = PBXBuildFile; fileRef = A604523118B3A58B00B85928 /* SEBasicLayer.h */; };
		A604523818B3A58B00B85928 /* SEBasicLayer.h in Headers */ = {isa = PBXBuildFile; fileRef = A604523118B3A58B00B85928 /* SEBasicLayer.h */; };
		A604523918B3A58B00B85928 /* SEBasicLayer.m in Sources */ = {isa = PBXBuildFile; fileRef = A604523218B3A58B00B85928 /* SEBasicLayer.m */; };
		A604523A18B3A58B00B85928 /* SEBasicLayer.m in Sources */ = {isa = PBXBuildFile; fileRef = A604523218B3A58B00B85928 /* SEBasicLayer.m */; };
		A604523B18B3A58B00B85928 /* SEBasicObject.h in Headers */ = {isa = PBXBuildFile; fileRef = A604523318B3A58B00B85928 /* SEBasicObject.h */; };
		A604523C18B3A58B00B85928 /* SEBasicObject.h in Headers */ = {isa = PBXBuildFile; fileRef = A604523318B3A58B00B85928 /* SEBasicObject.h */; };
		A604523D18B3A58B00B85928 /* SEBasicObject.m in Sources */ = {isa = PBXBuildFile; fileRef = A604523418B3A58B00B85928 /* SEBasicObject.m */; };
		A604523E18B3A58B00B85928 /* SEBasicObject.m in Sources */ = {isa = PBXBuildFile; fileRef = A604523418B3A58B00B85928 /* SEBasicObject.m */; };
		A604524318B3C67B00B85928 /* QuartzCore.framework in Frameworks */ = {isa = PBXBuildFile; fileRef = A63F899018B23A51007FBE57 /* QuartzCore.framework */; };
		A604524418B3C68300B85928 /* QuartzCore.framework in Frameworks */ = {isa = PBXBuildFile; fileRef = A63F899218B23A5C007FBE57 /* QuartzCore.framework */; };
		A604524518B3C6A700B85928 /* UIKit.framework in Frameworks */ = {isa = PBXBuildFile; fileRef = A6AC928518AC960300D43025 /* UIKit.framework */; };
		A604524618B3C6AF00B85928 /* Cocoa.framework in Frameworks */ = {isa = PBXBuildFile; fileRef = A6AC927E18AC95DB00D43025 /* Cocoa.framework */; };
		A604524918B3C78200B85928 /* SEBasicTextLayer.h in Headers */ = {isa = PBXBuildFile; fileRef = A604524718B3C78200B85928 /* SEBasicTextLayer.h */; };
		A604524A18B3C78200B85928 /* SEBasicTextLayer.h in Headers */ = {isa = PBXBuildFile; fileRef = A604524718B3C78200B85928 /* SEBasicTextLayer.h */; };
		A604524B18B3C78200B85928 /* SEBasicTextLayer.m in Sources */ = {isa = PBXBuildFile; fileRef = A604524818B3C78200B85928 /* SEBasicTextLayer.m */; };
		A604524C18B3C78200B85928 /* SEBasicTextLayer.m in Sources */ = {isa = PBXBuildFile; fileRef = A604524818B3C78200B85928 /* SEBasicTextLayer.m */; };
		A609F66218B47F58000A0EFB /* NSValue+ScrivelEngine.h in Headers */ = {isa = PBXBuildFile; fileRef = A609F66018B47F58000A0EFB /* NSValue+ScrivelEngine.h */; };
		A609F66318B47F58000A0EFB /* NSValue+ScrivelEngine.h in Headers */ = {isa = PBXBuildFile; fileRef = A609F66018B47F58000A0EFB /* NSValue+ScrivelEngine.h */; };
		A609F66418B47F58000A0EFB /* NSValue+ScrivelEngine.m in Sources */ = {isa = PBXBuildFile; fileRef = A609F66118B47F58000A0EFB /* NSValue+ScrivelEngine.m */; };
		A609F66518B47F58000A0EFB /* NSValue+ScrivelEngine.m in Sources */ = {isa = PBXBuildFile; fileRef = A609F66118B47F58000A0EFB /* NSValue+ScrivelEngine.m */; };
		A609F66818B48700000A0EFB /* Queue.h in Headers */ = {isa = PBXBuildFile; fileRef = A609F66618B48700000A0EFB /* Queue.h */; };
		A609F66918B48700000A0EFB /* Queue.h in Headers */ = {isa = PBXBuildFile; fileRef = A609F66618B48700000A0EFB /* Queue.h */; };
		A609F66A18B48700000A0EFB /* Queue.m in Sources */ = {isa = PBXBuildFile; fileRef = A609F66718B48700000A0EFB /* Queue.m */; };
		A609F66B18B48700000A0EFB /* Queue.m in Sources */ = {isa = PBXBuildFile; fileRef = A609F66718B48700000A0EFB /* Queue.m */; };
		A609F66E18B48F74000A0EFB /* Stack.h in Headers */ = {isa = PBXBuildFile; fileRef = A609F66C18B48F74000A0EFB /* Stack.h */; };
		A609F66F18B48F74000A0EFB /* Stack.h in Headers */ = {isa = PBXBuildFile; fileRef = A609F66C18B48F74000A0EFB /* Stack.h */; };
		A609F67018B48F74000A0EFB /* Stack.m in Sources */ = {isa = PBXBuildFile; fileRef = A609F66D18B48F74000A0EFB /* Stack.m */; };
		A609F67118B48F74000A0EFB /* Stack.m in Sources */ = {isa = PBXBuildFile; fileRef = A609F66D18B48F74000A0EFB /* Stack.m */; };
		A60ECBB818AC8523000F7A40 /* Foundation.framework in Frameworks */ = {isa = PBXBuildFile; fileRef = A6A6127418A7B0DA00CBD988 /* Foundation.framework */; };
		A60ECBBA18AC8523000F7A40 /* CoreGraphics.framework in Frameworks */ = {isa = PBXBuildFile; fileRef = A60ECBB918AC8523000F7A40 /* CoreGraphics.framework */; };
		A60ECBC318AC8523000F7A40 /* main.m in Sources */ = {isa = PBXBuildFile; fileRef = A60ECBC218AC8523000F7A40 /* main.m */; };
		A60ECBC718AC8523000F7A40 /* SEDAppDelegate.m in Sources */ = {isa = PBXBuildFile; fileRef = A60ECBC618AC8523000F7A40 /* SEDAppDelegate.m */; };
		A60ECBCD18AC8523000F7A40 /* SEDViewController.m in Sources */ = {isa = PBXBuildFile; fileRef = A60ECBCC18AC8523000F7A40 /* SEDViewController.m */; };
		A60ECBF418AC86A7000F7A40 /* Foundation.framework in Frameworks */ = {isa = PBXBuildFile; fileRef = A6A6127418A7B0DA00CBD988 /* Foundation.framework */; };
		A60ECC0118AC86A7000F7A40 /* XCTest.framework in Frameworks */ = {isa = PBXBuildFile; fileRef = A6A6128218A7B0DA00CBD988 /* XCTest.framework */; };
		A60ECC0218AC86A7000F7A40 /* Foundation.framework in Frameworks */ = {isa = PBXBuildFile; fileRef = A6A6127418A7B0DA00CBD988 /* Foundation.framework */; };
		A60ECC0C18AC86A7000F7A40 /* InfoPlist.strings in Resources */ = {isa = PBXBuildFile; fileRef = A60ECC0A18AC86A7000F7A40 /* InfoPlist.strings */; };
		A60ECC1F18AC8A46000F7A40 /* SEMethod.m in Sources */ = {isa = PBXBuildFile; fileRef = A60ECC1618AC8A46000F7A40 /* SEMethod.m */; };
		A60ECC2018AC8A46000F7A40 /* SEScript.m in Sources */ = {isa = PBXBuildFile; fileRef = A60ECC1818AC8A46000F7A40 /* SEScript.m */; };
		A60ECC2518AC8A5D000F7A40 /* SEScriptTests.m in Sources */ = {isa = PBXBuildFile; fileRef = A60ECC2418AC8A5D000F7A40 /* SEScriptTests.m */; };
		A60ECC5018AC8C54000F7A40 /* SEMethod.m in Sources */ = {isa = PBXBuildFile; fileRef = A60ECC1618AC8A46000F7A40 /* SEMethod.m */; };
		A60ECC5118AC8C54000F7A40 /* SEScript.m in Sources */ = {isa = PBXBuildFile; fileRef = A60ECC1818AC8A46000F7A40 /* SEScript.m */; };
		A63BB5DE18AD30310051FA9F /* libScrivelEngine.a in Frameworks */ = {isa = PBXBuildFile; fileRef = A60ECBF318AC86A7000F7A40 /* libScrivelEngine.a */; };
		A63BB5E418AD30D30051FA9F /* XCTest.framework in Frameworks */ = {isa = PBXBuildFile; fileRef = A6A6128218A7B0DA00CBD988 /* XCTest.framework */; };
		A63BB5F318AD30EA0051FA9F /* SEScriptTests.m in Sources */ = {isa = PBXBuildFile; fileRef = A60ECC2418AC8A5D000F7A40 /* SEScriptTests.m */; };
		A63BB5F518AD33D70051FA9F /* libScrivelEngineMac.a in Frameworks */ = {isa = PBXBuildFile; fileRef = A60ECC2A18AC8BE1000F7A40 /* libScrivelEngineMac.a */; };
		A63BB5F618AD34010051FA9F /* Foundation.framework in Frameworks */ = {isa = PBXBuildFile; fileRef = A6AC928218AC95F700D43025 /* Foundation.framework */; };
		A63F886018AF9DC3007FBE57 /* sample.sescript in Resources */ = {isa = PBXBuildFile; fileRef = A63F885E18AF82D4007FBE57 /* sample.sescript */; };
		A63F889218AFBBBA007FBE57 /* SEScriptAssembler.m in Sources */ = {isa = PBXBuildFile; fileRef = A63F889118AFBBBA007FBE57 /* SEScriptAssembler.m */; };
		A63F889518AFBCC5007FBE57 /* SEMethodChain.m in Sources */ = {isa = PBXBuildFile; fileRef = A63F889418AFBCC5007FBE57 /* SEMethodChain.m */; };
		A63F889918B0A9A4007FBE57 /* SEGlobalObject.m in Sources */ = {isa = PBXBuildFile; fileRef = A63F889818B0A9A4007FBE57 /* SEGlobalObject.m */; };
		A63F88B118B0F496007FBE57 /* ScrivelEngine.h in Headers */ = {isa = PBXBuildFile; fileRef = A63F88AF18B0F496007FBE57 /* ScrivelEngine.h */; };
		A63F88B218B0F496007FBE57 /* ScrivelEngine.m in Sources */ = {isa = PBXBuildFile; fileRef = A63F88B018B0F496007FBE57 /* ScrivelEngine.m */; };
		A63F88B318B0F496007FBE57 /* ScrivelEngine.m in Sources */ = {isa = PBXBuildFile; fileRef = A63F88B018B0F496007FBE57 /* ScrivelEngine.m */; };
		A63F88BC18B11089007FBE57 /* SEScriptAssembler.m in Sources */ = {isa = PBXBuildFile; fileRef = A63F889118AFBBBA007FBE57 /* SEScriptAssembler.m */; };
		A63F88BE18B11089007FBE57 /* SEMethodChain.m in Sources */ = {isa = PBXBuildFile; fileRef = A63F889418AFBCC5007FBE57 /* SEMethodChain.m */; };
		A63F88C018B11094007FBE57 /* SEGlobalObject.m in Sources */ = {isa = PBXBuildFile; fileRef = A63F889818B0A9A4007FBE57 /* SEGlobalObject.m */; };
		A63F88C118B111BF007FBE57 /* libScrivelEngineMac.a in Frameworks */ = {isa = PBXBuildFile; fileRef = A60ECC2A18AC8BE1000F7A40 /* libScrivelEngineMac.a */; };
		A63F88C418B1138E007FBE57 /* sample.sescript in Resources */ = {isa = PBXBuildFile; fileRef = A63F885E18AF82D4007FBE57 /* sample.sescript */; };
		A63F88C518B11412007FBE57 /* ParseKit.framework in Frameworks */ = {isa = PBXBuildFile; fileRef = A638D30018AD20150008635E /* ParseKit.framework */; };
		A63F898418B2307B007FBE57 /* libParseKitMobile.a in Frameworks */ = {isa = PBXBuildFile; fileRef = A63F898318B2307B007FBE57 /* libParseKitMobile.a */; };
		A63F899118B23A51007FBE57 /* QuartzCore.framework in Frameworks */ = {isa = PBXBuildFile; fileRef = A63F899018B23A51007FBE57 /* QuartzCore.framework */; };
		A63F899318B23A5C007FBE57 /* QuartzCore.framework in Frameworks */ = {isa = PBXBuildFile; fileRef = A63F899218B23A5C007FBE57 /* QuartzCore.framework */; };
		A63F899418B23D07007FBE57 /* UIKit.framework in Frameworks */ = {isa = PBXBuildFile; fileRef = A6AC928518AC960300D43025 /* UIKit.framework */; };
		A6A1691118B25A390041BBBA /* SEScriptParser.h in Headers */ = {isa = PBXBuildFile; fileRef = A6D1760C18AE628200AB11AF /* SEScriptParser.h */; };
		A6A1691218B25A3D0041BBBA /* SEScriptAssembler.h in Headers */ = {isa = PBXBuildFile; fileRef = A63F889018AFBBBA007FBE57 /* SEScriptAssembler.h */; };
		A6A1691318B25A3E0041BBBA /* SEScriptAssembler.h in Headers */ = {isa = PBXBuildFile; fileRef = A63F889018AFBBBA007FBE57 /* SEScriptAssembler.h */; };
		A6A1691418B25A400041BBBA /* SEScript.h in Headers */ = {isa = PBXBuildFile; fileRef = A60ECC1718AC8A46000F7A40 /* SEScript.h */; };
		A6A1691518B25A410041BBBA /* SEScript.h in Headers */ = {isa = PBXBuildFile; fileRef = A60ECC1718AC8A46000F7A40 /* SEScript.h */; };
		A6A1691918B25A470041BBBA /* SEMethodChain.h in Headers */ = {isa = PBXBuildFile; fileRef = A63F889318AFBCC5007FBE57 /* SEMethodChain.h */; };
		A6A1691A18B25A470041BBBA /* SEMethodChain.h in Headers */ = {isa = PBXBuildFile; fileRef = A63F889318AFBCC5007FBE57 /* SEMethodChain.h */; };
		A6A1691B18B25A4C0041BBBA /* SEMethod.h in Headers */ = {isa = PBXBuildFile; fileRef = A60ECC1518AC8A46000F7A40 /* SEMethod.h */; };
		A6A1691C18B25A4C0041BBBA /* SEMethod.h in Headers */ = {isa = PBXBuildFile; fileRef = A60ECC1518AC8A46000F7A40 /* SEMethod.h */; };
		A6A1691F18B25A550041BBBA /* SEGlobalObject.h in Headers */ = {isa = PBXBuildFile; fileRef = A63F889718B0A9A4007FBE57 /* SEGlobalObject.h */; };
		A6A1692018B25A550041BBBA /* SEGlobalObject.h in Headers */ = {isa = PBXBuildFile; fileRef = A63F889718B0A9A4007FBE57 /* SEGlobalObject.h */; };
		A6AC922018AC921C00D43025 /* InfoPlist.strings in Resources */ = {isa = PBXBuildFile; fileRef = A6AC921E18AC921C00D43025 /* InfoPlist.strings */; };
		A6AC922218AC921C00D43025 /* main.m in Sources */ = {isa = PBXBuildFile; fileRef = A6AC922118AC921C00D43025 /* main.m */; };
		A6AC922618AC921C00D43025 /* Credits.rtf in Resources */ = {isa = PBXBuildFile; fileRef = A6AC922418AC921C00D43025 /* Credits.rtf */; };
		A6AC922918AC921C00D43025 /* SEDAppDelegate.m in Sources */ = {isa = PBXBuildFile; fileRef = A6AC922818AC921C00D43025 /* SEDAppDelegate.m */; };
		A6AC922C18AC921C00D43025 /* MainMenu.xib in Resources */ = {isa = PBXBuildFile; fileRef = A6AC922A18AC921C00D43025 /* MainMenu.xib */; };
		A6AC922E18AC921C00D43025 /* Images.xcassets in Resources */ = {isa = PBXBuildFile; fileRef = A6AC922D18AC921C00D43025 /* Images.xcassets */; };
		A6AC927F18AC95DB00D43025 /* Cocoa.framework in Frameworks */ = {isa = PBXBuildFile; fileRef = A6AC927E18AC95DB00D43025 /* Cocoa.framework */; };
		A6AC928118AC95F200D43025 /* AppKit.framework in Frameworks */ = {isa = PBXBuildFile; fileRef = A6AC928018AC95F200D43025 /* AppKit.framework */; };
		A6AC928318AC95F700D43025 /* Foundation.framework in Frameworks */ = {isa = PBXBuildFile; fileRef = A6AC928218AC95F700D43025 /* Foundation.framework */; };
		A6AC928418AC95FC00D43025 /* Cocoa.framework in Frameworks */ = {isa = PBXBuildFile; fileRef = A6AC927E18AC95DB00D43025 /* Cocoa.framework */; };
		A6AC928618AC960300D43025 /* UIKit.framework in Frameworks */ = {isa = PBXBuildFile; fileRef = A6AC928518AC960300D43025 /* UIKit.framework */; };
		A6AC92C018ACF44400D43025 /* libScrivelEngine.a in Frameworks */ = {isa = PBXBuildFile; fileRef = A60ECBF318AC86A7000F7A40 /* libScrivelEngine.a */; };
		A6B104D918B869E700F0D28D /* MGSFragaria.framework in Frameworks */ = {isa = PBXBuildFile; fileRef = A6B104D818B869E700F0D28D /* MGSFragaria.framework */; };
		A6D04D3818B4DFA600977B7A /* ScrivelEngine.h in Headers */ = {isa = PBXBuildFile; fileRef = A63F88AF18B0F496007FBE57 /* ScrivelEngine.h */; };
		A6D04D3A18B4F76D00977B7A /* ScrivelEngineTests.m in Sources */ = {isa = PBXBuildFile; fileRef = A6D04D3918B4F76D00977B7A /* ScrivelEngineTests.m */; };
		A6D04D3B18B4F77000977B7A /* ScrivelEngineTests.m in Sources */ = {isa = PBXBuildFile; fileRef = A6D04D3918B4F76D00977B7A /* ScrivelEngineTests.m */; };
		A6D04D4418B74D4D00977B7A /* NSArray+Where.h in Headers */ = {isa = PBXBuildFile; fileRef = A6D04D4218B74D4D00977B7A /* NSArray+Where.h */; };
		A6D04D4518B74D4D00977B7A /* NSArray+Where.h in Headers */ = {isa = PBXBuildFile; fileRef = A6D04D4218B74D4D00977B7A /* NSArray+Where.h */; };
		A6D04D4618B74D4D00977B7A /* NSArray+Where.m in Sources */ = {isa = PBXBuildFile; fileRef = A6D04D4318B74D4D00977B7A /* NSArray+Where.m */; };
		A6D04D4718B74D4D00977B7A /* NSArray+Where.m in Sources */ = {isa = PBXBuildFile; fileRef = A6D04D4318B74D4D00977B7A /* NSArray+Where.m */; };
		A6D0517318B8555A00977B7A /* sample.sescript in Resources */ = {isa = PBXBuildFile; fileRef = A63F885E18AF82D4007FBE57 /* sample.sescript */; };
		A6D0517418B8555B00977B7A /* sample.sescript in Resources */ = {isa = PBXBuildFile; fileRef = A63F885E18AF82D4007FBE57 /* sample.sescript */; };
		A6D0517518B856A300977B7A /* ParseKit.framework in Frameworks */ = {isa = PBXBuildFile; fileRef = A638D30018AD20150008635E /* ParseKit.framework */; };
		A6D1760E18AE628200AB11AF /* SEScriptParser.h in Headers */ = {isa = PBXBuildFile; fileRef = A6D1760C18AE628200AB11AF /* SEScriptParser.h */; };
		A6D1760F18AE628200AB11AF /* SEScriptParser.m in Sources */ = {isa = PBXBuildFile; fileRef = A6D1760D18AE628200AB11AF /* SEScriptParser.m */; };
		A6D1761018AE628200AB11AF /* SEScriptParser.m in Sources */ = {isa = PBXBuildFile; fileRef = A6D1760D18AE628200AB11AF /* SEScriptParser.m */; };
		D92E42F51F3748AA9A17C0FE /* libPods-ScrivelEngineDemo.a in Frameworks */ = {isa = PBXBuildFile; fileRef = 4CE535954D37458B9E35A0D4 /* libPods-ScrivelEngineDemo.a */; };
/* End PBXBuildFile section */

/* Begin PBXContainerItemProxy section */
		A60ECC0418AC86A7000F7A40 /* PBXContainerItemProxy */ = {
			isa = PBXContainerItemProxy;
			containerPortal = A6A6126918A7B0DA00CBD988 /* Project object */;
			proxyType = 1;
			remoteGlobalIDString = A60ECBF218AC86A7000F7A40;
			remoteInfo = ScrivelEngine;
		};
		A63BB5EE18AD30D30051FA9F /* PBXContainerItemProxy */ = {
			isa = PBXContainerItemProxy;
			containerPortal = A6A6126918A7B0DA00CBD988 /* Project object */;
			proxyType = 1;
			remoteGlobalIDString = A60ECC2918AC8BE1000F7A40;
			remoteInfo = ScrivelEngineMac;
		};
		A6AC921318AC920200D43025 /* PBXContainerItemProxy */ = {
			isa = PBXContainerItemProxy;
			containerPortal = A6A6126918A7B0DA00CBD988 /* Project object */;
			proxyType = 1;
			remoteGlobalIDString = A60ECBF218AC86A7000F7A40;
			remoteInfo = ScrivelEngine;
		};
		A6AC927B18AC937500D43025 /* PBXContainerItemProxy */ = {
			isa = PBXContainerItemProxy;
			containerPortal = A6A6126918A7B0DA00CBD988 /* Project object */;
			proxyType = 1;
			remoteGlobalIDString = A60ECC2918AC8BE1000F7A40;
			remoteInfo = ScrivelEngineMac;
		};
/* End PBXContainerItemProxy section */

/* Begin PBXFileReference section */
		4CE535954D37458B9E35A0D4 /* libPods-ScrivelEngineDemo.a */ = {isa = PBXFileReference; explicitFileType = archive.ar; includeInIndex = 0; path = "libPods-ScrivelEngineDemo.a"; sourceTree = BUILT_PRODUCTS_DIR; };
		A604521B18B399C900B85928 /* map.json */ = {isa = PBXFileReference; fileEncoding = 4; lastKnownFileType = text.json; path = map.json; sourceTree = "<group>"; };
		A604522518B3A30B00B85928 /* SELayer.h */ = {isa = PBXFileReference; fileEncoding = 4; lastKnownFileType = sourcecode.c.h; path = SELayer.h; sourceTree = "<group>"; };
		A604522718B3A30B00B85928 /* SETextLayer.h */ = {isa = PBXFileReference; fileEncoding = 4; lastKnownFileType = sourcecode.c.h; path = SETextLayer.h; sourceTree = "<group>"; };
		A604522E18B3A35A00B85928 /* SEObject.h */ = {isa = PBXFileReference; fileEncoding = 4; lastKnownFileType = sourcecode.c.h; path = SEObject.h; sourceTree = "<group>"; };
		A604523118B3A58B00B85928 /* SEBasicLayer.h */ = {isa = PBXFileReference; fileEncoding = 4; lastKnownFileType = sourcecode.c.h; path = SEBasicLayer.h; sourceTree = "<group>"; };
		A604523218B3A58B00B85928 /* SEBasicLayer.m */ = {isa = PBXFileReference; fileEncoding = 4; lastKnownFileType = sourcecode.c.objc; path = SEBasicLayer.m; sourceTree = "<group>"; };
		A604523318B3A58B00B85928 /* SEBasicObject.h */ = {isa = PBXFileReference; fileEncoding = 4; lastKnownFileType = sourcecode.c.h; path = SEBasicObject.h; sourceTree = "<group>"; };
		A604523418B3A58B00B85928 /* SEBasicObject.m */ = {isa = PBXFileReference; fileEncoding = 4; lastKnownFileType = sourcecode.c.objc; path = SEBasicObject.m; sourceTree = "<group>"; };
		A604524718B3C78200B85928 /* SEBasicTextLayer.h */ = {isa = PBXFileReference; fileEncoding = 4; lastKnownFileType = sourcecode.c.h; path = SEBasicTextLayer.h; sourceTree = "<group>"; };
		A604524818B3C78200B85928 /* SEBasicTextLayer.m */ = {isa = PBXFileReference; fileEncoding = 4; lastKnownFileType = sourcecode.c.objc; path = SEBasicTextLayer.m; sourceTree = "<group>"; };
		A609F66018B47F58000A0EFB /* NSValue+ScrivelEngine.h */ = {isa = PBXFileReference; fileEncoding = 4; lastKnownFileType = sourcecode.c.h; path = "NSValue+ScrivelEngine.h"; sourceTree = "<group>"; };
		A609F66118B47F58000A0EFB /* NSValue+ScrivelEngine.m */ = {isa = PBXFileReference; fileEncoding = 4; lastKnownFileType = sourcecode.c.objc; path = "NSValue+ScrivelEngine.m"; sourceTree = "<group>"; };
		A609F66618B48700000A0EFB /* Queue.h */ = {isa = PBXFileReference; fileEncoding = 4; lastKnownFileType = sourcecode.c.h; path = Queue.h; sourceTree = "<group>"; };
		A609F66718B48700000A0EFB /* Queue.m */ = {isa = PBXFileReference; fileEncoding = 4; lastKnownFileType = sourcecode.c.objc; path = Queue.m; sourceTree = "<group>"; };
		A609F66C18B48F74000A0EFB /* Stack.h */ = {isa = PBXFileReference; fileEncoding = 4; lastKnownFileType = sourcecode.c.h; path = Stack.h; sourceTree = "<group>"; };
		A609F66D18B48F74000A0EFB /* Stack.m */ = {isa = PBXFileReference; fileEncoding = 4; lastKnownFileType = sourcecode.c.objc; path = Stack.m; sourceTree = "<group>"; };
		A60ECBB718AC8523000F7A40 /* ScrivelEngineDemo.app */ = {isa = PBXFileReference; explicitFileType = wrapper.application; includeInIndex = 0; path = ScrivelEngineDemo.app; sourceTree = BUILT_PRODUCTS_DIR; };
		A60ECBB918AC8523000F7A40 /* CoreGraphics.framework */ = {isa = PBXFileReference; lastKnownFileType = wrapper.framework; name = CoreGraphics.framework; path = System/Library/Frameworks/CoreGraphics.framework; sourceTree = SDKROOT; };
		A60ECBBE18AC8523000F7A40 /* ScrivelEngineDemo-Info.plist */ = {isa = PBXFileReference; lastKnownFileType = text.plist.xml; path = "ScrivelEngineDemo-Info.plist"; sourceTree = "<group>"; };
		A60ECBC018AC8523000F7A40 /* en */ = {isa = PBXFileReference; lastKnownFileType = text.plist.strings; name = en; path = en.lproj/InfoPlist.strings; sourceTree = "<group>"; };
		A60ECBC218AC8523000F7A40 /* main.m */ = {isa = PBXFileReference; lastKnownFileType = sourcecode.c.objc; path = main.m; sourceTree = "<group>"; };
		A60ECBC418AC8523000F7A40 /* ScrivelEngineDemo-Prefix.pch */ = {isa = PBXFileReference; lastKnownFileType = sourcecode.c.h; path = "ScrivelEngineDemo-Prefix.pch"; sourceTree = "<group>"; };
		A60ECBC518AC8523000F7A40 /* SEDAppDelegate.h */ = {isa = PBXFileReference; lastKnownFileType = sourcecode.c.h; path = SEDAppDelegate.h; sourceTree = "<group>"; };
		A60ECBC618AC8523000F7A40 /* SEDAppDelegate.m */ = {isa = PBXFileReference; lastKnownFileType = sourcecode.c.objc; path = SEDAppDelegate.m; sourceTree = "<group>"; };
		A60ECBC918AC8523000F7A40 /* Base */ = {isa = PBXFileReference; lastKnownFileType = file.storyboard; name = Base; path = Base.lproj/Main.storyboard; sourceTree = "<group>"; };
		A60ECBCB18AC8523000F7A40 /* SEDViewController.h */ = {isa = PBXFileReference; lastKnownFileType = sourcecode.c.h; path = SEDViewController.h; sourceTree = "<group>"; };
		A60ECBCC18AC8523000F7A40 /* SEDViewController.m */ = {isa = PBXFileReference; lastKnownFileType = sourcecode.c.objc; path = SEDViewController.m; sourceTree = "<group>"; };
		A60ECBCE18AC8523000F7A40 /* Images.xcassets */ = {isa = PBXFileReference; lastKnownFileType = folder.assetcatalog; path = Images.xcassets; sourceTree = "<group>"; };
		A60ECBEA18AC864F000F7A40 /* ScrivelEngine-Prefix.pch */ = {isa = PBXFileReference; fileEncoding = 4; lastKnownFileType = sourcecode.c.h; path = "ScrivelEngine-Prefix.pch"; sourceTree = "<group>"; };
		A60ECBF318AC86A7000F7A40 /* libScrivelEngine.a */ = {isa = PBXFileReference; explicitFileType = archive.ar; includeInIndex = 0; path = libScrivelEngine.a; sourceTree = BUILT_PRODUCTS_DIR; };
		A60ECC0018AC86A7000F7A40 /* ScrivelEngineTests.xctest */ = {isa = PBXFileReference; explicitFileType = wrapper.cfbundle; includeInIndex = 0; path = ScrivelEngineTests.xctest; sourceTree = BUILT_PRODUCTS_DIR; };
		A60ECC0918AC86A7000F7A40 /* ScrivelEngineTests-Info.plist */ = {isa = PBXFileReference; lastKnownFileType = text.plist.xml; path = "ScrivelEngineTests-Info.plist"; sourceTree = "<group>"; };
		A60ECC0B18AC86A7000F7A40 /* en */ = {isa = PBXFileReference; lastKnownFileType = text.plist.strings; name = en; path = en.lproj/InfoPlist.strings; sourceTree = "<group>"; };
		A60ECC1518AC8A46000F7A40 /* SEMethod.h */ = {isa = PBXFileReference; fileEncoding = 4; lastKnownFileType = sourcecode.c.h; path = SEMethod.h; sourceTree = "<group>"; };
		A60ECC1618AC8A46000F7A40 /* SEMethod.m */ = {isa = PBXFileReference; fileEncoding = 4; lastKnownFileType = sourcecode.c.objc; path = SEMethod.m; sourceTree = "<group>"; };
		A60ECC1718AC8A46000F7A40 /* SEScript.h */ = {isa = PBXFileReference; fileEncoding = 4; lastKnownFileType = sourcecode.c.h; path = SEScript.h; sourceTree = "<group>"; };
		A60ECC1818AC8A46000F7A40 /* SEScript.m */ = {isa = PBXFileReference; fileEncoding = 4; lastKnownFileType = sourcecode.c.objc; path = SEScript.m; sourceTree = "<group>"; };
		A60ECC2418AC8A5D000F7A40 /* SEScriptTests.m */ = {isa = PBXFileReference; fileEncoding = 4; lastKnownFileType = sourcecode.c.objc; path = SEScriptTests.m; sourceTree = "<group>"; };
		A60ECC2A18AC8BE1000F7A40 /* libScrivelEngineMac.a */ = {isa = PBXFileReference; explicitFileType = archive.ar; includeInIndex = 0; path = libScrivelEngineMac.a; sourceTree = BUILT_PRODUCTS_DIR; };
		A60ECC2E18AC8BE1000F7A40 /* Foundation.framework */ = {isa = PBXFileReference; lastKnownFileType = wrapper.framework; name = Foundation.framework; path = Library/Frameworks/Foundation.framework; sourceTree = SDKROOT; };
		A60ECC2F18AC8BE1000F7A40 /* CoreData.framework */ = {isa = PBXFileReference; lastKnownFileType = wrapper.framework; name = CoreData.framework; path = Library/Frameworks/CoreData.framework; sourceTree = SDKROOT; };
		A60ECC3018AC8BE1000F7A40 /* AppKit.framework */ = {isa = PBXFileReference; lastKnownFileType = wrapper.framework; name = AppKit.framework; path = Library/Frameworks/AppKit.framework; sourceTree = SDKROOT; };
		A62FE7A818AE3F4B00F12E3A /* CoreFoundation.framework */ = {isa = PBXFileReference; lastKnownFileType = wrapper.framework; name = CoreFoundation.framework; path = System/Library/Frameworks/CoreFoundation.framework; sourceTree = SDKROOT; };
		A62FE7C718AE3FC500F12E3A /* script.grammer */ = {isa = PBXFileReference; fileEncoding = 4; lastKnownFileType = text; path = script.grammer; sourceTree = "<group>"; };
		A638D2FC18AD1FCC0008635E /* libicucore.dylib */ = {isa = PBXFileReference; lastKnownFileType = "compiled.mach-o.dylib"; name = libicucore.dylib; path = usr/lib/libicucore.dylib; sourceTree = SDKROOT; };
		A638D2FE18AD20010008635E /* ParseKit.framework */ = {isa = PBXFileReference; lastKnownFileType = wrapper.framework; name = ParseKit.framework; path = External/ParseKit/build/Debug/ParseKit.framework; sourceTree = "<group>"; };
		A638D30018AD20150008635E /* ParseKit.framework */ = {isa = PBXFileReference; lastKnownFileType = wrapper.framework; name = ParseKit.framework; path = "../../../Library/Developer/Xcode/DerivedData/ScrivelEngine-cktlybcmurhtpmavsdtgrdzequle/Build/Products/Debug/ParseKit.framework"; sourceTree = "<group>"; };
		A63BB5DC18AD2DFD0051FA9F /* libParseKit-iOS.a */ = {isa = PBXFileReference; lastKnownFileType = archive.ar; name = "libParseKit-iOS.a"; path = "External/ParseKit/build/Debug-iphoneuniversal/libParseKit-iOS.a"; sourceTree = "<group>"; };
		A63BB5E318AD30D30051FA9F /* ScrivelEngineMacTests.xctest */ = {isa = PBXFileReference; explicitFileType = wrapper.cfbundle; includeInIndex = 0; path = ScrivelEngineMacTests.xctest; sourceTree = BUILT_PRODUCTS_DIR; };
		A63BB5F718AD348A0051FA9F /* libParseKit.a */ = {isa = PBXFileReference; lastKnownFileType = archive.ar; name = libParseKit.a; path = External/ParseKit/build/Debug/libParseKit.a; sourceTree = "<group>"; };
		A63F885E18AF82D4007FBE57 /* sample.sescript */ = {isa = PBXFileReference; fileEncoding = 4; lastKnownFileType = text; path = sample.sescript; sourceTree = "<group>"; };
		A63F889018AFBBBA007FBE57 /* SEScriptAssembler.h */ = {isa = PBXFileReference; fileEncoding = 4; lastKnownFileType = sourcecode.c.h; path = SEScriptAssembler.h; sourceTree = "<group>"; };
		A63F889118AFBBBA007FBE57 /* SEScriptAssembler.m */ = {isa = PBXFileReference; fileEncoding = 4; lastKnownFileType = sourcecode.c.objc; path = SEScriptAssembler.m; sourceTree = "<group>"; };
		A63F889318AFBCC5007FBE57 /* SEMethodChain.h */ = {isa = PBXFileReference; fileEncoding = 4; lastKnownFileType = sourcecode.c.h; path = SEMethodChain.h; sourceTree = "<group>"; };
		A63F889418AFBCC5007FBE57 /* SEMethodChain.m */ = {isa = PBXFileReference; fileEncoding = 4; lastKnownFileType = sourcecode.c.objc; path = SEMethodChain.m; sourceTree = "<group>"; };
		A63F889718B0A9A4007FBE57 /* SEGlobalObject.h */ = {isa = PBXFileReference; fileEncoding = 4; lastKnownFileType = sourcecode.c.h; path = SEGlobalObject.h; sourceTree = "<group>"; };
		A63F889818B0A9A4007FBE57 /* SEGlobalObject.m */ = {isa = PBXFileReference; fileEncoding = 4; lastKnownFileType = sourcecode.c.objc; path = SEGlobalObject.m; sourceTree = "<group>"; };
		A63F88AF18B0F496007FBE57 /* ScrivelEngine.h */ = {isa = PBXFileReference; fileEncoding = 4; lastKnownFileType = sourcecode.c.h; path = ScrivelEngine.h; sourceTree = "<group>"; };
		A63F88B018B0F496007FBE57 /* ScrivelEngine.m */ = {isa = PBXFileReference; fileEncoding = 4; lastKnownFileType = sourcecode.c.objc; path = ScrivelEngine.m; sourceTree = "<group>"; };
		A63F88BA18B10EC0007FBE57 /* ParseKit.framework */ = {isa = PBXFileReference; lastKnownFileType = wrapper.framework; name = ParseKit.framework; path = External/ParseKit/build/ParseKit.framework; sourceTree = "<group>"; };
		A63F88C218B111FE007FBE57 /* libScrivelEngineMac.a */ = {isa = PBXFileReference; lastKnownFileType = archive.ar; name = libScrivelEngineMac.a; path = "../../../Library/Developer/Xcode/DerivedData/ScrivelEngine-cktlybcmurhtpmavsdtgrdzequle/Build/Products/Debug/libScrivelEngineMac.a"; sourceTree = "<group>"; };
		A63F898318B2307B007FBE57 /* libParseKitMobile.a */ = {isa = PBXFileReference; lastKnownFileType = archive.ar; name = libParseKitMobile.a; path = "External/ParseKit/build/Debug-iphoneos/libParseKitMobile.a"; sourceTree = "<group>"; };
		A63F899018B23A51007FBE57 /* QuartzCore.framework */ = {isa = PBXFileReference; lastKnownFileType = wrapper.framework; name = QuartzCore.framework; path = System/Library/Frameworks/QuartzCore.framework; sourceTree = SDKROOT; };
		A63F899218B23A5C007FBE57 /* QuartzCore.framework */ = {isa = PBXFileReference; lastKnownFileType = wrapper.framework; name = QuartzCore.framework; path = Platforms/MacOSX.platform/Developer/SDKs/MacOSX10.9.sdk/System/Library/Frameworks/QuartzCore.framework; sourceTree = DEVELOPER_DIR; };
		A6A168CC18B2496C0041BBBA /* api.js */ = {isa = PBXFileReference; lastKnownFileType = sourcecode.javascript; path = api.js; sourceTree = "<group>"; };
		A6A168CF18B2496C0041BBBA /* external-small.png */ = {isa = PBXFileReference; lastKnownFileType = image.png; path = "external-small.png"; sourceTree = "<group>"; };
		A6A168D018B2496C0041BBBA /* logo.png */ = {isa = PBXFileReference; lastKnownFileType = image.png; path = logo.png; sourceTree = "<group>"; };
		A6A168D118B2496C0041BBBA /* main.css */ = {isa = PBXFileReference; lastKnownFileType = text.css; path = main.css; sourceTree = "<group>"; };
		A6A168D218B2496C0041BBBA /* favicon.png */ = {isa = PBXFileReference; lastKnownFileType = image.png; path = favicon.png; sourceTree = "<group>"; };
		A6A168D418B2496C0041BBBA /* spinner.gif */ = {isa = PBXFileReference; lastKnownFileType = image.gif; path = spinner.gif; sourceTree = "<group>"; };
		A6A168D518B2496C0041BBBA /* index.html */ = {isa = PBXFileReference; lastKnownFileType = text.html; path = index.html; sourceTree = "<group>"; };
		A6A168D718B2496C0041BBBA /* api-filter.js */ = {isa = PBXFileReference; lastKnownFileType = sourcecode.javascript; path = "api-filter.js"; sourceTree = "<group>"; };
		A6A168D818B2496C0041BBBA /* api-list.js */ = {isa = PBXFileReference; lastKnownFileType = sourcecode.javascript; path = "api-list.js"; sourceTree = "<group>"; };
		A6A168D918B2496C0041BBBA /* api-search.js */ = {isa = PBXFileReference; lastKnownFileType = sourcecode.javascript; path = "api-search.js"; sourceTree = "<group>"; };
		A6A168DA18B2496C0041BBBA /* apidocs.js */ = {isa = PBXFileReference; lastKnownFileType = sourcecode.javascript; path = apidocs.js; sourceTree = "<group>"; };
		A6A168DB18B2496C0041BBBA /* yui-prettify.js */ = {isa = PBXFileReference; lastKnownFileType = sourcecode.javascript; path = "yui-prettify.js"; sourceTree = "<group>"; };
		A6A168DE18B2496C0041BBBA /* CHANGES.html */ = {isa = PBXFileReference; lastKnownFileType = text.html; path = CHANGES.html; sourceTree = "<group>"; };
		A6A168DF18B2496C0041BBBA /* COPYING */ = {isa = PBXFileReference; lastKnownFileType = text; path = COPYING; sourceTree = "<group>"; };
		A6A168E018B2496C0041BBBA /* prettify-min.css */ = {isa = PBXFileReference; lastKnownFileType = text.css; path = "prettify-min.css"; sourceTree = "<group>"; };
		A6A168E118B2496C0041BBBA /* prettify-min.js */ = {isa = PBXFileReference; lastKnownFileType = sourcecode.javascript; path = "prettify-min.js"; sourceTree = "<group>"; };
		A6A168E218B2496C0041BBBA /* README.html */ = {isa = PBXFileReference; lastKnownFileType = text.html; path = README.html; sourceTree = "<group>"; };
		A6A168E418B2496C0041BBBA /* index.html */ = {isa = PBXFileReference; lastKnownFileType = text.html; path = index.html; sourceTree = "<group>"; };
		A6A168E518B2496C0041BBBA /* SEBackground.html */ = {isa = PBXFileReference; lastKnownFileType = text.html; path = SEBackground.html; sourceTree = "<group>"; };
		A6A168E618B2496C0041BBBA /* SEGlobalObject.html */ = {isa = PBXFileReference; lastKnownFileType = text.html; path = SEGlobalObject.html; sourceTree = "<group>"; };
		A6A168E718B2496C0041BBBA /* SEObject.html */ = {isa = PBXFileReference; lastKnownFileType = text.html; path = SEObject.html; sourceTree = "<group>"; };
		A6A168E818B2496C0041BBBA /* SETextFrame.html */ = {isa = PBXFileReference; lastKnownFileType = text.html; path = SETextFrame.html; sourceTree = "<group>"; };
		A6A168E918B2496C0041BBBA /* data.json */ = {isa = PBXFileReference; lastKnownFileType = text.json; path = data.json; sourceTree = "<group>"; };
		A6A168EB18B2496C0041BBBA /* index.html */ = {isa = PBXFileReference; lastKnownFileType = text.html; path = index.html; sourceTree = "<group>"; };
		A6A168EC18B2496C0041BBBA /* SEBackground.js.html */ = {isa = PBXFileReference; lastKnownFileType = text.html; path = SEBackground.js.html; sourceTree = "<group>"; };
		A6A168ED18B2496C0041BBBA /* SEGlobalObject.js.html */ = {isa = PBXFileReference; lastKnownFileType = text.html; path = SEGlobalObject.js.html; sourceTree = "<group>"; };
		A6A168EE18B2496C0041BBBA /* SEObject.js.html */ = {isa = PBXFileReference; lastKnownFileType = text.html; path = SEObject.js.html; sourceTree = "<group>"; };
		A6A168EF18B2496C0041BBBA /* SETextFrame.js.html */ = {isa = PBXFileReference; lastKnownFileType = text.html; path = SETextFrame.js.html; sourceTree = "<group>"; };
		A6A168F018B2496C0041BBBA /* index.html */ = {isa = PBXFileReference; lastKnownFileType = text.html; path = index.html; sourceTree = "<group>"; };
		A6A168F218B2496C0041BBBA /* index.html */ = {isa = PBXFileReference; lastKnownFileType = text.html; path = index.html; sourceTree = "<group>"; };
		A6A168F818B2496C0041BBBA /* yuidoc.json */ = {isa = PBXFileReference; lastKnownFileType = text.json; path = yuidoc.json; sourceTree = "<group>"; };
		A6A6127418A7B0DA00CBD988 /* Foundation.framework */ = {isa = PBXFileReference; lastKnownFileType = wrapper.framework; name = Foundation.framework; path = System/Library/Frameworks/Foundation.framework; sourceTree = SDKROOT; };
		A6A6128218A7B0DA00CBD988 /* XCTest.framework */ = {isa = PBXFileReference; lastKnownFileType = wrapper.framework; name = XCTest.framework; path = Library/Frameworks/XCTest.framework; sourceTree = DEVELOPER_DIR; };
		A6AC921918AC921C00D43025 /* ScrivelEngineMacDemo.app */ = {isa = PBXFileReference; explicitFileType = wrapper.application; includeInIndex = 0; path = ScrivelEngineMacDemo.app; sourceTree = BUILT_PRODUCTS_DIR; };
		A6AC921D18AC921C00D43025 /* ScrivelEngineMacDemo-Info.plist */ = {isa = PBXFileReference; lastKnownFileType = text.plist.xml; path = "ScrivelEngineMacDemo-Info.plist"; sourceTree = "<group>"; };
		A6AC921F18AC921C00D43025 /* en */ = {isa = PBXFileReference; lastKnownFileType = text.plist.strings; name = en; path = en.lproj/InfoPlist.strings; sourceTree = "<group>"; };
		A6AC922118AC921C00D43025 /* main.m */ = {isa = PBXFileReference; lastKnownFileType = sourcecode.c.objc; path = main.m; sourceTree = "<group>"; };
		A6AC922318AC921C00D43025 /* ScrivelEngineMacDemo-Prefix.pch */ = {isa = PBXFileReference; lastKnownFileType = sourcecode.c.h; path = "ScrivelEngineMacDemo-Prefix.pch"; sourceTree = "<group>"; };
		A6AC922518AC921C00D43025 /* en */ = {isa = PBXFileReference; lastKnownFileType = text.rtf; name = en; path = en.lproj/Credits.rtf; sourceTree = "<group>"; };
		A6AC922718AC921C00D43025 /* SEDAppDelegate.h */ = {isa = PBXFileReference; lastKnownFileType = sourcecode.c.h; path = SEDAppDelegate.h; sourceTree = "<group>"; };
		A6AC922818AC921C00D43025 /* SEDAppDelegate.m */ = {isa = PBXFileReference; lastKnownFileType = sourcecode.c.objc; path = SEDAppDelegate.m; sourceTree = "<group>"; };
		A6AC922B18AC921C00D43025 /* Base */ = {isa = PBXFileReference; lastKnownFileType = file.xib; name = Base; path = Base.lproj/MainMenu.xib; sourceTree = "<group>"; };
		A6AC922D18AC921C00D43025 /* Images.xcassets */ = {isa = PBXFileReference; lastKnownFileType = folder.assetcatalog; path = Images.xcassets; sourceTree = "<group>"; };
		A6AC927E18AC95DB00D43025 /* Cocoa.framework */ = {isa = PBXFileReference; lastKnownFileType = wrapper.framework; name = Cocoa.framework; path = Platforms/MacOSX.platform/Developer/SDKs/MacOSX10.9.sdk/System/Library/Frameworks/Cocoa.framework; sourceTree = DEVELOPER_DIR; };
		A6AC928018AC95F200D43025 /* AppKit.framework */ = {isa = PBXFileReference; lastKnownFileType = wrapper.framework; name = AppKit.framework; path = Platforms/MacOSX.platform/Developer/SDKs/MacOSX10.9.sdk/System/Library/Frameworks/AppKit.framework; sourceTree = DEVELOPER_DIR; };
		A6AC928218AC95F700D43025 /* Foundation.framework */ = {isa = PBXFileReference; lastKnownFileType = wrapper.framework; name = Foundation.framework; path = Platforms/MacOSX.platform/Developer/SDKs/MacOSX10.9.sdk/System/Library/Frameworks/Foundation.framework; sourceTree = DEVELOPER_DIR; };
		A6AC928518AC960300D43025 /* UIKit.framework */ = {isa = PBXFileReference; lastKnownFileType = wrapper.framework; name = UIKit.framework; path = System/Library/Frameworks/UIKit.framework; sourceTree = SDKROOT; };
		A6B104D818B869E700F0D28D /* MGSFragaria.framework */ = {isa = PBXFileReference; lastKnownFileType = file; name = MGSFragaria.framework; path = External/Fragaria/build/Debug/MGSFragaria.framework; sourceTree = "<group>"; };
		A6D04D3918B4F76D00977B7A /* ScrivelEngineTests.m */ = {isa = PBXFileReference; fileEncoding = 4; lastKnownFileType = sourcecode.c.objc; path = ScrivelEngineTests.m; sourceTree = "<group>"; };
		A6D04D4218B74D4D00977B7A /* NSArray+Where.h */ = {isa = PBXFileReference; fileEncoding = 4; lastKnownFileType = sourcecode.c.h; path = "NSArray+Where.h"; sourceTree = "<group>"; };
		A6D04D4318B74D4D00977B7A /* NSArray+Where.m */ = {isa = PBXFileReference; fileEncoding = 4; lastKnownFileType = sourcecode.c.objc; path = "NSArray+Where.m"; sourceTree = "<group>"; };
		A6D1760C18AE628200AB11AF /* SEScriptParser.h */ = {isa = PBXFileReference; fileEncoding = 4; lastKnownFileType = sourcecode.c.h; path = SEScriptParser.h; sourceTree = "<group>"; };
		A6D1760D18AE628200AB11AF /* SEScriptParser.m */ = {isa = PBXFileReference; fileEncoding = 4; lastKnownFileType = sourcecode.c.objc; path = SEScriptParser.m; sourceTree = "<group>"; };
		D9B262D9694048BFA8251D77 /* libPods-ScrivelEngineMacDemo.a */ = {isa = PBXFileReference; explicitFileType = archive.ar; includeInIndex = 0; path = "libPods-ScrivelEngineMacDemo.a"; sourceTree = BUILT_PRODUCTS_DIR; };
/* End PBXFileReference section */

/* Begin PBXFrameworksBuildPhase section */
		A60ECBB418AC8523000F7A40 /* Frameworks */ = {
			isa = PBXFrameworksBuildPhase;
			buildActionMask = 2147483647;
			files = (
				A63BB5DE18AD30310051FA9F /* libScrivelEngine.a in Frameworks */,
				A6AC928618AC960300D43025 /* UIKit.framework in Frameworks */,
				A60ECBBA18AC8523000F7A40 /* CoreGraphics.framework in Frameworks */,
				A60ECBB818AC8523000F7A40 /* Foundation.framework in Frameworks */,
				D92E42F51F3748AA9A17C0FE /* libPods-ScrivelEngineDemo.a in Frameworks */,
			);
			runOnlyForDeploymentPostprocessing = 0;
		};
		A60ECBF018AC86A7000F7A40 /* Frameworks */ = {
			isa = PBXFrameworksBuildPhase;
			buildActionMask = 2147483647;
			files = (
				A63F898418B2307B007FBE57 /* libParseKitMobile.a in Frameworks */,
				A63F899418B23D07007FBE57 /* UIKit.framework in Frameworks */,
				A63F899118B23A51007FBE57 /* QuartzCore.framework in Frameworks */,
				A60ECBF418AC86A7000F7A40 /* Foundation.framework in Frameworks */,
			);
			runOnlyForDeploymentPostprocessing = 0;
		};
		A60ECBFD18AC86A7000F7A40 /* Frameworks */ = {
			isa = PBXFrameworksBuildPhase;
			buildActionMask = 2147483647;
			files = (
				A604524518B3C6A700B85928 /* UIKit.framework in Frameworks */,
				A604524318B3C67B00B85928 /* QuartzCore.framework in Frameworks */,
				A6AC92C018ACF44400D43025 /* libScrivelEngine.a in Frameworks */,
				A60ECC0118AC86A7000F7A40 /* XCTest.framework in Frameworks */,
				A60ECC0218AC86A7000F7A40 /* Foundation.framework in Frameworks */,
			);
			runOnlyForDeploymentPostprocessing = 0;
		};
		A60ECC2718AC8BE1000F7A40 /* Frameworks */ = {
			isa = PBXFrameworksBuildPhase;
			buildActionMask = 2147483647;
			files = (
				A63F88C518B11412007FBE57 /* ParseKit.framework in Frameworks */,
				A63F899318B23A5C007FBE57 /* QuartzCore.framework in Frameworks */,
				A6AC927F18AC95DB00D43025 /* Cocoa.framework in Frameworks */,
			);
			runOnlyForDeploymentPostprocessing = 0;
		};
		A63BB5E018AD30D30051FA9F /* Frameworks */ = {
			isa = PBXFrameworksBuildPhase;
			buildActionMask = 2147483647;
			files = (
				A604524618B3C6AF00B85928 /* Cocoa.framework in Frameworks */,
				A604524418B3C68300B85928 /* QuartzCore.framework in Frameworks */,
				A63F88C118B111BF007FBE57 /* libScrivelEngineMac.a in Frameworks */,
				A63BB5F618AD34010051FA9F /* Foundation.framework in Frameworks */,
				A63BB5E418AD30D30051FA9F /* XCTest.framework in Frameworks */,
			);
			runOnlyForDeploymentPostprocessing = 0;
		};
		A6AC921618AC921C00D43025 /* Frameworks */ = {
			isa = PBXFrameworksBuildPhase;
			buildActionMask = 2147483647;
			files = (
				A6B104D918B869E700F0D28D /* MGSFragaria.framework in Frameworks */,
				A6D0517518B856A300977B7A /* ParseKit.framework in Frameworks */,
				A63BB5F518AD33D70051FA9F /* libScrivelEngineMac.a in Frameworks */,
				A6AC928418AC95FC00D43025 /* Cocoa.framework in Frameworks */,
				A6AC928318AC95F700D43025 /* Foundation.framework in Frameworks */,
				A6AC928118AC95F200D43025 /* AppKit.framework in Frameworks */,
			);
			runOnlyForDeploymentPostprocessing = 0;
		};
/* End PBXFrameworksBuildPhase section */

/* Begin PBXGroup section */
		A604521118B3967E00B85928 /* Protocols */ = {
			isa = PBXGroup;
			children = (
				A604522E18B3A35A00B85928 /* SEObject.h */,
				A604522518B3A30B00B85928 /* SELayer.h */,
				A604522718B3A30B00B85928 /* SETextLayer.h */,
			);
			path = Protocols;
			sourceTree = "<group>";
		};
		A609F65918B47F14000A0EFB /* Util */ = {
			isa = PBXGroup;
			children = (
				A609F66018B47F58000A0EFB /* NSValue+ScrivelEngine.h */,
				A609F66118B47F58000A0EFB /* NSValue+ScrivelEngine.m */,
				A609F66618B48700000A0EFB /* Queue.h */,
				A609F66718B48700000A0EFB /* Queue.m */,
				A609F66C18B48F74000A0EFB /* Stack.h */,
				A609F66D18B48F74000A0EFB /* Stack.m */,
				A6D04D4218B74D4D00977B7A /* NSArray+Where.h */,
				A6D04D4318B74D4D00977B7A /* NSArray+Where.m */,
			);
			name = Util;
			sourceTree = "<group>";
		};
		A60ECBBC18AC8523000F7A40 /* ScrivelEngineDemo */ = {
			isa = PBXGroup;
			children = (
				A60ECBC518AC8523000F7A40 /* SEDAppDelegate.h */,
				A60ECBC618AC8523000F7A40 /* SEDAppDelegate.m */,
				A60ECBC818AC8523000F7A40 /* Main.storyboard */,
				A60ECBCB18AC8523000F7A40 /* SEDViewController.h */,
				A60ECBCC18AC8523000F7A40 /* SEDViewController.m */,
				A60ECBCE18AC8523000F7A40 /* Images.xcassets */,
				A60ECBBD18AC8523000F7A40 /* Supporting Files */,
			);
			path = ScrivelEngineDemo;
			sourceTree = "<group>";
		};
		A60ECBBD18AC8523000F7A40 /* Supporting Files */ = {
			isa = PBXGroup;
			children = (
				A60ECBBE18AC8523000F7A40 /* ScrivelEngineDemo-Info.plist */,
				A60ECBBF18AC8523000F7A40 /* InfoPlist.strings */,
				A60ECBC218AC8523000F7A40 /* main.m */,
				A60ECBC418AC8523000F7A40 /* ScrivelEngineDemo-Prefix.pch */,
			);
			name = "Supporting Files";
			sourceTree = "<group>";
		};
		A60ECBE818AC864F000F7A40 /* ScrivelEngine */ = {
			isa = PBXGroup;
			children = (
				A63F88AF18B0F496007FBE57 /* ScrivelEngine.h */,
				A63F88B018B0F496007FBE57 /* ScrivelEngine.m */,
				A604521118B3967E00B85928 /* Protocols */,
				A63F888E18AFBAA0007FBE57 /* Script */,
				A63F888D18AFBA94007FBE57 /* Bridge */,
				A609F65918B47F14000A0EFB /* Util */,
				A63F888F18AFBAA8007FBE57 /* Supporting Files */,
			);
			path = ScrivelEngine;
			sourceTree = "<group>";
		};
		A60ECC0718AC86A7000F7A40 /* ScrivelEngineTests */ = {
			isa = PBXGroup;
			children = (
				A60ECC0818AC86A7000F7A40 /* Supporting Files */,
				A60ECC2418AC8A5D000F7A40 /* SEScriptTests.m */,
				A6D04D3918B4F76D00977B7A /* ScrivelEngineTests.m */,
			);
			path = ScrivelEngineTests;
			sourceTree = "<group>";
		};
		A60ECC0818AC86A7000F7A40 /* Supporting Files */ = {
			isa = PBXGroup;
			children = (
				A60ECC0918AC86A7000F7A40 /* ScrivelEngineTests-Info.plist */,
				A60ECC0A18AC86A7000F7A40 /* InfoPlist.strings */,
			);
			name = "Supporting Files";
			sourceTree = "<group>";
		};
		A60ECC2D18AC8BE1000F7A40 /* Other Frameworks */ = {
			isa = PBXGroup;
			children = (
				A60ECC2E18AC8BE1000F7A40 /* Foundation.framework */,
				A60ECC2F18AC8BE1000F7A40 /* CoreData.framework */,
				A60ECC3018AC8BE1000F7A40 /* AppKit.framework */,
			);
			name = "Other Frameworks";
			sourceTree = "<group>";
		};
		A62FE7C418AE3FAB00F12E3A /* Resources */ = {
			isa = PBXGroup;
			children = (
				A604521B18B399C900B85928 /* map.json */,
				A63F885E18AF82D4007FBE57 /* sample.sescript */,
				A62FE7C718AE3FC500F12E3A /* script.grammer */,
			);
			path = Resources;
			sourceTree = "<group>";
		};
		A63F888D18AFBA94007FBE57 /* Bridge */ = {
			isa = PBXGroup;
			children = (
				A604523318B3A58B00B85928 /* SEBasicObject.h */,
				A604523418B3A58B00B85928 /* SEBasicObject.m */,
				A604523118B3A58B00B85928 /* SEBasicLayer.h */,
				A604523218B3A58B00B85928 /* SEBasicLayer.m */,
				A604524718B3C78200B85928 /* SEBasicTextLayer.h */,
				A604524818B3C78200B85928 /* SEBasicTextLayer.m */,
				A63F889718B0A9A4007FBE57 /* SEGlobalObject.h */,
				A63F889818B0A9A4007FBE57 /* SEGlobalObject.m */,
			);
			name = Bridge;
			sourceTree = "<group>";
		};
		A63F888E18AFBAA0007FBE57 /* Script */ = {
			isa = PBXGroup;
			children = (
				A6D1760C18AE628200AB11AF /* SEScriptParser.h */,
				A6D1760D18AE628200AB11AF /* SEScriptParser.m */,
				A63F889018AFBBBA007FBE57 /* SEScriptAssembler.h */,
				A63F889118AFBBBA007FBE57 /* SEScriptAssembler.m */,
				A60ECC1718AC8A46000F7A40 /* SEScript.h */,
				A60ECC1818AC8A46000F7A40 /* SEScript.m */,
				A63F889318AFBCC5007FBE57 /* SEMethodChain.h */,
				A63F889418AFBCC5007FBE57 /* SEMethodChain.m */,
				A60ECC1518AC8A46000F7A40 /* SEMethod.h */,
				A60ECC1618AC8A46000F7A40 /* SEMethod.m */,
			);
			name = Script;
			sourceTree = "<group>";
		};
		A63F888F18AFBAA8007FBE57 /* Supporting Files */ = {
			isa = PBXGroup;
			children = (
				A60ECBEA18AC864F000F7A40 /* ScrivelEngine-Prefix.pch */,
			);
			name = "Supporting Files";
			sourceTree = "<group>";
		};
		A6A168CA18B2496C0041BBBA /* docs */ = {
			isa = PBXGroup;
			children = (
				A6A168CB18B2496C0041BBBA /* out */,
				A6A168F818B2496C0041BBBA /* yuidoc.json */,
			);
			path = docs;
			sourceTree = "<group>";
		};
		A6A168CB18B2496C0041BBBA /* out */ = {
			isa = PBXGroup;
			children = (
				A6A168CC18B2496C0041BBBA /* api.js */,
				A6A168CD18B2496C0041BBBA /* assets */,
				A6A168E318B2496C0041BBBA /* classes */,
				A6A168E918B2496C0041BBBA /* data.json */,
				A6A168EA18B2496C0041BBBA /* files */,
				A6A168F018B2496C0041BBBA /* index.html */,
				A6A168F118B2496C0041BBBA /* modules */,
			);
			path = out;
			sourceTree = "<group>";
		};
		A6A168CD18B2496C0041BBBA /* assets */ = {
			isa = PBXGroup;
			children = (
				A6A168CE18B2496C0041BBBA /* css */,
				A6A168D218B2496C0041BBBA /* favicon.png */,
				A6A168D318B2496C0041BBBA /* img */,
				A6A168D518B2496C0041BBBA /* index.html */,
				A6A168D618B2496C0041BBBA /* js */,
				A6A168DC18B2496C0041BBBA /* vendor */,
			);
			path = assets;
			sourceTree = "<group>";
		};
		A6A168CE18B2496C0041BBBA /* css */ = {
			isa = PBXGroup;
			children = (
				A6A168CF18B2496C0041BBBA /* external-small.png */,
				A6A168D018B2496C0041BBBA /* logo.png */,
				A6A168D118B2496C0041BBBA /* main.css */,
			);
			path = css;
			sourceTree = "<group>";
		};
		A6A168D318B2496C0041BBBA /* img */ = {
			isa = PBXGroup;
			children = (
				A6A168D418B2496C0041BBBA /* spinner.gif */,
			);
			path = img;
			sourceTree = "<group>";
		};
		A6A168D618B2496C0041BBBA /* js */ = {
			isa = PBXGroup;
			children = (
				A6A168D718B2496C0041BBBA /* api-filter.js */,
				A6A168D818B2496C0041BBBA /* api-list.js */,
				A6A168D918B2496C0041BBBA /* api-search.js */,
				A6A168DA18B2496C0041BBBA /* apidocs.js */,
				A6A168DB18B2496C0041BBBA /* yui-prettify.js */,
			);
			path = js;
			sourceTree = "<group>";
		};
		A6A168DC18B2496C0041BBBA /* vendor */ = {
			isa = PBXGroup;
			children = (
				A6A168DD18B2496C0041BBBA /* prettify */,
			);
			path = vendor;
			sourceTree = "<group>";
		};
		A6A168DD18B2496C0041BBBA /* prettify */ = {
			isa = PBXGroup;
			children = (
				A6A168DE18B2496C0041BBBA /* CHANGES.html */,
				A6A168DF18B2496C0041BBBA /* COPYING */,
				A6A168E018B2496C0041BBBA /* prettify-min.css */,
				A6A168E118B2496C0041BBBA /* prettify-min.js */,
				A6A168E218B2496C0041BBBA /* README.html */,
			);
			path = prettify;
			sourceTree = "<group>";
		};
		A6A168E318B2496C0041BBBA /* classes */ = {
			isa = PBXGroup;
			children = (
				A6A168E418B2496C0041BBBA /* index.html */,
				A6A168E518B2496C0041BBBA /* SEBackground.html */,
				A6A168E618B2496C0041BBBA /* SEGlobalObject.html */,
				A6A168E718B2496C0041BBBA /* SEObject.html */,
				A6A168E818B2496C0041BBBA /* SETextFrame.html */,
			);
			path = classes;
			sourceTree = "<group>";
		};
		A6A168EA18B2496C0041BBBA /* files */ = {
			isa = PBXGroup;
			children = (
				A6A168EB18B2496C0041BBBA /* index.html */,
				A6A168EC18B2496C0041BBBA /* SEBackground.js.html */,
				A6A168ED18B2496C0041BBBA /* SEGlobalObject.js.html */,
				A6A168EE18B2496C0041BBBA /* SEObject.js.html */,
				A6A168EF18B2496C0041BBBA /* SETextFrame.js.html */,
			);
			path = files;
			sourceTree = "<group>";
		};
		A6A168F118B2496C0041BBBA /* modules */ = {
			isa = PBXGroup;
			children = (
				A6A168F218B2496C0041BBBA /* index.html */,
			);
			path = modules;
			sourceTree = "<group>";
		};
		A6A6126818A7B0DA00CBD988 = {
			isa = PBXGroup;
			children = (
				A6A168CA18B2496C0041BBBA /* docs */,
				A62FE7C418AE3FAB00F12E3A /* Resources */,
				A60ECBE818AC864F000F7A40 /* ScrivelEngine */,
				A60ECC0718AC86A7000F7A40 /* ScrivelEngineTests */,
				A60ECBBC18AC8523000F7A40 /* ScrivelEngineDemo */,
				A6AC921B18AC921C00D43025 /* ScrivelEngineMacDemo */,
				A6A6127318A7B0DA00CBD988 /* Frameworks */,
				A6A6127218A7B0DA00CBD988 /* Products */,
			);
			sourceTree = "<group>";
		};
		A6A6127218A7B0DA00CBD988 /* Products */ = {
			isa = PBXGroup;
			children = (
				A60ECBB718AC8523000F7A40 /* ScrivelEngineDemo.app */,
				A60ECBF318AC86A7000F7A40 /* libScrivelEngine.a */,
				A60ECC0018AC86A7000F7A40 /* ScrivelEngineTests.xctest */,
				A60ECC2A18AC8BE1000F7A40 /* libScrivelEngineMac.a */,
				A6AC921918AC921C00D43025 /* ScrivelEngineMacDemo.app */,
				A63BB5E318AD30D30051FA9F /* ScrivelEngineMacTests.xctest */,
			);
			name = Products;
			sourceTree = "<group>";
		};
		A6A6127318A7B0DA00CBD988 /* Frameworks */ = {
			isa = PBXGroup;
			children = (
				A6B104D818B869E700F0D28D /* MGSFragaria.framework */,
				A63F899218B23A5C007FBE57 /* QuartzCore.framework */,
				A63F899018B23A51007FBE57 /* QuartzCore.framework */,
				A63F898318B2307B007FBE57 /* libParseKitMobile.a */,
				A63F88C218B111FE007FBE57 /* libScrivelEngineMac.a */,
				A63F88BA18B10EC0007FBE57 /* ParseKit.framework */,
				A63BB5F718AD348A0051FA9F /* libParseKit.a */,
				A63BB5DC18AD2DFD0051FA9F /* libParseKit-iOS.a */,
				A638D30018AD20150008635E /* ParseKit.framework */,
				A638D2FE18AD20010008635E /* ParseKit.framework */,
				A638D2FC18AD1FCC0008635E /* libicucore.dylib */,
				A6AC928518AC960300D43025 /* UIKit.framework */,
				A6AC928218AC95F700D43025 /* Foundation.framework */,
				A6AC928018AC95F200D43025 /* AppKit.framework */,
				A6AC927E18AC95DB00D43025 /* Cocoa.framework */,
				A6A6127418A7B0DA00CBD988 /* Foundation.framework */,
				A6A6128218A7B0DA00CBD988 /* XCTest.framework */,
				A60ECBB918AC8523000F7A40 /* CoreGraphics.framework */,
				A62FE7A818AE3F4B00F12E3A /* CoreFoundation.framework */,
				A60ECC2D18AC8BE1000F7A40 /* Other Frameworks */,
				4CE535954D37458B9E35A0D4 /* libPods-ScrivelEngineDemo.a */,
				D9B262D9694048BFA8251D77 /* libPods-ScrivelEngineMacDemo.a */,
			);
			name = Frameworks;
			sourceTree = "<group>";
		};
		A6AC921B18AC921C00D43025 /* ScrivelEngineMacDemo */ = {
			isa = PBXGroup;
			children = (
				A6AC922718AC921C00D43025 /* SEDAppDelegate.h */,
				A6AC922818AC921C00D43025 /* SEDAppDelegate.m */,
				A6AC922A18AC921C00D43025 /* MainMenu.xib */,
				A6AC922D18AC921C00D43025 /* Images.xcassets */,
				A6AC921C18AC921C00D43025 /* Supporting Files */,
			);
			path = ScrivelEngineMacDemo;
			sourceTree = "<group>";
		};
		A6AC921C18AC921C00D43025 /* Supporting Files */ = {
			isa = PBXGroup;
			children = (
				A6AC921D18AC921C00D43025 /* ScrivelEngineMacDemo-Info.plist */,
				A6AC921E18AC921C00D43025 /* InfoPlist.strings */,
				A6AC922118AC921C00D43025 /* main.m */,
				A6AC922318AC921C00D43025 /* ScrivelEngineMacDemo-Prefix.pch */,
				A6AC922418AC921C00D43025 /* Credits.rtf */,
			);
			name = "Supporting Files";
			sourceTree = "<group>";
		};
/* End PBXGroup section */

/* Begin PBXHeadersBuildPhase section */
		A60ECC2818AC8BE1000F7A40 /* Headers */ = {
			isa = PBXHeadersBuildPhase;
			buildActionMask = 2147483647;
			files = (
				A609F66918B48700000A0EFB /* Queue.h in Headers */,
				A604522D18B3A30B00B85928 /* SETextLayer.h in Headers */,
				A609F66F18B48F74000A0EFB /* Stack.h in Headers */,
				A6D04D4518B74D4D00977B7A /* NSArray+Where.h in Headers */,
				A6D1760E18AE628200AB11AF /* SEScriptParser.h in Headers */,
				A6A1691918B25A470041BBBA /* SEMethodChain.h in Headers */,
				A609F66318B47F58000A0EFB /* NSValue+ScrivelEngine.h in Headers */,
				A604523C18B3A58B00B85928 /* SEBasicObject.h in Headers */,
				A63F88B118B0F496007FBE57 /* ScrivelEngine.h in Headers */,
				A6A1692018B25A550041BBBA /* SEGlobalObject.h in Headers */,
				A6A1691C18B25A4C0041BBBA /* SEMethod.h in Headers */,
				A604524A18B3C78200B85928 /* SEBasicTextLayer.h in Headers */,
				A604523018B3A35A00B85928 /* SEObject.h in Headers */,
				A6A1691518B25A410041BBBA /* SEScript.h in Headers */,
				A604522918B3A30B00B85928 /* SELayer.h in Headers */,
				A604523818B3A58B00B85928 /* SEBasicLayer.h in Headers */,
				A6A1691318B25A3E0041BBBA /* SEScriptAssembler.h in Headers */,
			);
			runOnlyForDeploymentPostprocessing = 0;
		};
		A6A1690818B259FB0041BBBA /* Headers */ = {
			isa = PBXHeadersBuildPhase;
			buildActionMask = 2147483647;
			files = (
				A604524918B3C78200B85928 /* SEBasicTextLayer.h in Headers */,
				A6A1691418B25A400041BBBA /* SEScript.h in Headers */,
				A609F66818B48700000A0EFB /* Queue.h in Headers */,
				A6D04D4418B74D4D00977B7A /* NSArray+Where.h in Headers */,
				A6A1691218B25A3D0041BBBA /* SEScriptAssembler.h in Headers */,
				A609F66E18B48F74000A0EFB /* Stack.h in Headers */,
				A6D04D3818B4DFA600977B7A /* ScrivelEngine.h in Headers */,
				A6A1691B18B25A4C0041BBBA /* SEMethod.h in Headers */,
				A604523B18B3A58B00B85928 /* SEBasicObject.h in Headers */,
				A6A1691118B25A390041BBBA /* SEScriptParser.h in Headers */,
				A604523718B3A58B00B85928 /* SEBasicLayer.h in Headers */,
				A604522F18B3A35A00B85928 /* SEObject.h in Headers */,
				A604522818B3A30B00B85928 /* SELayer.h in Headers */,
				A6A1691A18B25A470041BBBA /* SEMethodChain.h in Headers */,
				A6A1691F18B25A550041BBBA /* SEGlobalObject.h in Headers */,
				A604522C18B3A30B00B85928 /* SETextLayer.h in Headers */,
				A609F66218B47F58000A0EFB /* NSValue+ScrivelEngine.h in Headers */,
			);
			runOnlyForDeploymentPostprocessing = 0;
		};
/* End PBXHeadersBuildPhase section */

/* Begin PBXNativeTarget section */
		A60ECBB618AC8523000F7A40 /* ScrivelEngineDemo */ = {
			isa = PBXNativeTarget;
			buildConfigurationList = A60ECBE218AC8524000F7A40 /* Build configuration list for PBXNativeTarget "ScrivelEngineDemo" */;
			buildPhases = (
				09097ABC60294876AC5FB8A9 /* Check Pods Manifest.lock */,
				A60ECBB318AC8523000F7A40 /* Sources */,
				A60ECBB418AC8523000F7A40 /* Frameworks */,
				A6AC92BD18ACEFBC00D43025 /* Resources */,
				26C38D6D0A4C45C4884118FA /* Copy Pods Resources */,
			);
			buildRules = (
			);
			dependencies = (
				A6AC921418AC920200D43025 /* PBXTargetDependency */,
			);
			name = ScrivelEngineDemo;
			productName = ScrivelEngineDemo;
			productReference = A60ECBB718AC8523000F7A40 /* ScrivelEngineDemo.app */;
			productType = "com.apple.product-type.application";
		};
		A60ECBF218AC86A7000F7A40 /* ScrivelEngine */ = {
			isa = PBXNativeTarget;
			buildConfigurationList = A60ECC0F18AC86A7000F7A40 /* Build configuration list for PBXNativeTarget "ScrivelEngine" */;
			buildPhases = (
				A60ECBEF18AC86A7000F7A40 /* Sources */,
				A60ECBF018AC86A7000F7A40 /* Frameworks */,
				A62FE75D18AD9ED600F12E3A /* Resources */,
				A6A1690818B259FB0041BBBA /* Headers */,
			);
			buildRules = (
			);
			dependencies = (
			);
			name = ScrivelEngine;
			productName = ScrivelEngine;
			productReference = A60ECBF318AC86A7000F7A40 /* libScrivelEngine.a */;
			productType = "com.apple.product-type.library.static";
		};
		A60ECBFF18AC86A7000F7A40 /* ScrivelEngineTests */ = {
			isa = PBXNativeTarget;
			buildConfigurationList = A60ECC1218AC86A7000F7A40 /* Build configuration list for PBXNativeTarget "ScrivelEngineTests" */;
			buildPhases = (
				A60ECBFC18AC86A7000F7A40 /* Sources */,
				A60ECBFD18AC86A7000F7A40 /* Frameworks */,
				A60ECBFE18AC86A7000F7A40 /* Resources */,
			);
			buildRules = (
			);
			dependencies = (
				A60ECC0518AC86A7000F7A40 /* PBXTargetDependency */,
			);
			name = ScrivelEngineTests;
			productName = ScrivelEngineTests;
			productReference = A60ECC0018AC86A7000F7A40 /* ScrivelEngineTests.xctest */;
			productType = "com.apple.product-type.bundle.unit-test";
		};
		A60ECC2918AC8BE1000F7A40 /* ScrivelEngineMac */ = {
			isa = PBXNativeTarget;
			buildConfigurationList = A60ECC4918AC8BE1000F7A40 /* Build configuration list for PBXNativeTarget "ScrivelEngineMac" */;
			buildPhases = (
				A60ECC2618AC8BE1000F7A40 /* Sources */,
				A60ECC2718AC8BE1000F7A40 /* Frameworks */,
				A60ECC2818AC8BE1000F7A40 /* Headers */,
			);
			buildRules = (
			);
			dependencies = (
			);
			name = ScrivelEngineMac;
			productName = ScrivelEngineMac;
			productReference = A60ECC2A18AC8BE1000F7A40 /* libScrivelEngineMac.a */;
			productType = "com.apple.product-type.library.static";
		};
		A63BB5E218AD30D30051FA9F /* ScrivelEngineMacTests */ = {
			isa = PBXNativeTarget;
			buildConfigurationList = A63BB5F018AD30D30051FA9F /* Build configuration list for PBXNativeTarget "ScrivelEngineMacTests" */;
			buildPhases = (
				A63BB5DF18AD30D30051FA9F /* Sources */,
				A63BB5E018AD30D30051FA9F /* Frameworks */,
				A63BB5E118AD30D30051FA9F /* Resources */,
			);
			buildRules = (
			);
			dependencies = (
				A63BB5EF18AD30D30051FA9F /* PBXTargetDependency */,
			);
			name = ScrivelEngineMacTests;
			productName = ScrivelEngineMacTests;
			productReference = A63BB5E318AD30D30051FA9F /* ScrivelEngineMacTests.xctest */;
			productType = "com.apple.product-type.bundle.unit-test";
		};
		A6AC921818AC921C00D43025 /* ScrivelEngineMacDemo */ = {
			isa = PBXNativeTarget;
			buildConfigurationList = A6AC924018AC921C00D43025 /* Build configuration list for PBXNativeTarget "ScrivelEngineMacDemo" */;
			buildPhases = (
				A6AC921518AC921C00D43025 /* Sources */,
				A6AC921618AC921C00D43025 /* Frameworks */,
				A6AC921718AC921C00D43025 /* Resources */,
			);
			buildRules = (
			);
			dependencies = (
				A6AC927C18AC937500D43025 /* PBXTargetDependency */,
			);
			name = ScrivelEngineMacDemo;
			productName = ScrivelEngineMacDemo;
			productReference = A6AC921918AC921C00D43025 /* ScrivelEngineMacDemo.app */;
			productType = "com.apple.product-type.application";
		};
/* End PBXNativeTarget section */

/* Begin PBXProject section */
		A6A6126918A7B0DA00CBD988 /* Project object */ = {
			isa = PBXProject;
			attributes = {
				LastUpgradeCheck = 0500;
				ORGANIZATIONNAME = scrivel;
				TargetAttributes = {
					A60ECBFF18AC86A7000F7A40 = {
						TestTargetID = A60ECBF218AC86A7000F7A40;
					};
					A63BB5E218AD30D30051FA9F = {
						TestTargetID = A60ECC2918AC8BE1000F7A40;
					};
				};
			};
			buildConfigurationList = A6A6126C18A7B0DA00CBD988 /* Build configuration list for PBXProject "ScrivelEngine" */;
			compatibilityVersion = "Xcode 3.2";
			developmentRegion = English;
			hasScannedForEncodings = 0;
			knownRegions = (
				en,
				Base,
			);
			mainGroup = A6A6126818A7B0DA00CBD988;
			productRefGroup = A6A6127218A7B0DA00CBD988 /* Products */;
			projectDirPath = "";
			projectRoot = "";
			targets = (
				A60ECBF218AC86A7000F7A40 /* ScrivelEngine */,
				A60ECC2918AC8BE1000F7A40 /* ScrivelEngineMac */,
				A60ECBFF18AC86A7000F7A40 /* ScrivelEngineTests */,
				A63BB5E218AD30D30051FA9F /* ScrivelEngineMacTests */,
				A60ECBB618AC8523000F7A40 /* ScrivelEngineDemo */,
				A6AC921818AC921C00D43025 /* ScrivelEngineMacDemo */,
			);
		};
/* End PBXProject section */

/* Begin PBXResourcesBuildPhase section */
		A60ECBFE18AC86A7000F7A40 /* Resources */ = {
			isa = PBXResourcesBuildPhase;
			buildActionMask = 2147483647;
			files = (
				A63F886018AF9DC3007FBE57 /* sample.sescript in Resources */,
				A60ECC0C18AC86A7000F7A40 /* InfoPlist.strings in Resources */,
				A604521D18B399C900B85928 /* map.json in Resources */,
			);
			runOnlyForDeploymentPostprocessing = 0;
		};
		A62FE75D18AD9ED600F12E3A /* Resources */ = {
			isa = PBXResourcesBuildPhase;
			buildActionMask = 2147483647;
			files = (
				A604521C18B399C900B85928 /* map.json in Resources */,
			);
			runOnlyForDeploymentPostprocessing = 0;
		};
		A63BB5E118AD30D30051FA9F /* Resources */ = {
			isa = PBXResourcesBuildPhase;
			buildActionMask = 2147483647;
			files = (
				A604521E18B399C900B85928 /* map.json in Resources */,
				A63F88C418B1138E007FBE57 /* sample.sescript in Resources */,
			);
			runOnlyForDeploymentPostprocessing = 0;
		};
		A6AC921718AC921C00D43025 /* Resources */ = {
			isa = PBXResourcesBuildPhase;
			buildActionMask = 2147483647;
			files = (
				A6AC922018AC921C00D43025 /* InfoPlist.strings in Resources */,
				A6AC922E18AC921C00D43025 /* Images.xcassets in Resources */,
				A6AC922618AC921C00D43025 /* Credits.rtf in Resources */,
				A6D0517418B8555B00977B7A /* sample.sescript in Resources */,
				A6AC922C18AC921C00D43025 /* MainMenu.xib in Resources */,
			);
			runOnlyForDeploymentPostprocessing = 0;
		};
		A6AC92BD18ACEFBC00D43025 /* Resources */ = {
			isa = PBXResourcesBuildPhase;
			buildActionMask = 2147483647;
			files = (
				A6D0517318B8555A00977B7A /* sample.sescript in Resources */,
			);
			runOnlyForDeploymentPostprocessing = 0;
		};
/* End PBXResourcesBuildPhase section */

/* Begin PBXShellScriptBuildPhase section */
		09097ABC60294876AC5FB8A9 /* Check Pods Manifest.lock */ = {
			isa = PBXShellScriptBuildPhase;
			buildActionMask = 2147483647;
			files = (
			);
			inputPaths = (
			);
			name = "Check Pods Manifest.lock";
			outputPaths = (
			);
			runOnlyForDeploymentPostprocessing = 0;
			shellPath = /bin/sh;
			shellScript = "diff \"${PODS_ROOT}/../Podfile.lock\" \"${PODS_ROOT}/Manifest.lock\" > /dev/null\nif [[ $? != 0 ]] ; then\n    cat << EOM\nerror: The sandbox is not in sync with the Podfile.lock. Run 'pod install' or update your CocoaPods installation.\nEOM\n    exit 1\nfi\n";
			showEnvVarsInLog = 0;
		};
		26C38D6D0A4C45C4884118FA /* Copy Pods Resources */ = {
			isa = PBXShellScriptBuildPhase;
			buildActionMask = 2147483647;
			files = (
			);
			inputPaths = (
			);
			name = "Copy Pods Resources";
			outputPaths = (
			);
			runOnlyForDeploymentPostprocessing = 0;
			shellPath = /bin/sh;
			shellScript = "\"${SRCROOT}/Pods/Pods-ScrivelEngineDemo-resources.sh\"\n";
			showEnvVarsInLog = 0;
		};
/* End PBXShellScriptBuildPhase section */

/* Begin PBXSourcesBuildPhase section */
		A60ECBB318AC8523000F7A40 /* Sources */ = {
			isa = PBXSourcesBuildPhase;
			buildActionMask = 2147483647;
			files = (
				A60ECBCD18AC8523000F7A40 /* SEDViewController.m in Sources */,
				A60ECBC318AC8523000F7A40 /* main.m in Sources */,
				A60ECBC718AC8523000F7A40 /* SEDAppDelegate.m in Sources */,
			);
			runOnlyForDeploymentPostprocessing = 0;
		};
		A60ECBEF18AC86A7000F7A40 /* Sources */ = {
			isa = PBXSourcesBuildPhase;
			buildActionMask = 2147483647;
			files = (
				A604523918B3A58B00B85928 /* SEBasicLayer.m in Sources */,
				A63F889218AFBBBA007FBE57 /* SEScriptAssembler.m in Sources */,
				A63F88B218B0F496007FBE57 /* ScrivelEngine.m in Sources */,
				A609F67018B48F74000A0EFB /* Stack.m in Sources */,
				A60ECC2018AC8A46000F7A40 /* SEScript.m in Sources */,
				A60ECC1F18AC8A46000F7A40 /* SEMethod.m in Sources */,
				A604523D18B3A58B00B85928 /* SEBasicObject.m in Sources */,
				A609F66A18B48700000A0EFB /* Queue.m in Sources */,
				A609F66418B47F58000A0EFB /* NSValue+ScrivelEngine.m in Sources */,
				A63F889518AFBCC5007FBE57 /* SEMethodChain.m in Sources */,
				A63F889918B0A9A4007FBE57 /* SEGlobalObject.m in Sources */,
				A604524B18B3C78200B85928 /* SEBasicTextLayer.m in Sources */,
				A6D04D4618B74D4D00977B7A /* NSArray+Where.m in Sources */,
				A6D1760F18AE628200AB11AF /* SEScriptParser.m in Sources */,
			);
			runOnlyForDeploymentPostprocessing = 0;
		};
		A60ECBFC18AC86A7000F7A40 /* Sources */ = {
			isa = PBXSourcesBuildPhase;
			buildActionMask = 2147483647;
			files = (
				A6D04D3A18B4F76D00977B7A /* ScrivelEngineTests.m in Sources */,
				A60ECC2518AC8A5D000F7A40 /* SEScriptTests.m in Sources */,
			);
			runOnlyForDeploymentPostprocessing = 0;
		};
		A60ECC2618AC8BE1000F7A40 /* Sources */ = {
			isa = PBXSourcesBuildPhase;
			buildActionMask = 2147483647;
			files = (
				A604523A18B3A58B00B85928 /* SEBasicLayer.m in Sources */,
				A63F88C018B11094007FBE57 /* SEGlobalObject.m in Sources */,
				A63F88BC18B11089007FBE57 /* SEScriptAssembler.m in Sources */,
				A609F67118B48F74000A0EFB /* Stack.m in Sources */,
				A63F88BE18B11089007FBE57 /* SEMethodChain.m in Sources */,
				A60ECC5018AC8C54000F7A40 /* SEMethod.m in Sources */,
				A604523E18B3A58B00B85928 /* SEBasicObject.m in Sources */,
				A609F66B18B48700000A0EFB /* Queue.m in Sources */,
				A609F66518B47F58000A0EFB /* NSValue+ScrivelEngine.m in Sources */,
				A63F88B318B0F496007FBE57 /* ScrivelEngine.m in Sources */,
				A604524C18B3C78200B85928 /* SEBasicTextLayer.m in Sources */,
				A60ECC5118AC8C54000F7A40 /* SEScript.m in Sources */,
				A6D04D4718B74D4D00977B7A /* NSArray+Where.m in Sources */,
				A6D1761018AE628200AB11AF /* SEScriptParser.m in Sources */,
			);
			runOnlyForDeploymentPostprocessing = 0;
		};
		A63BB5DF18AD30D30051FA9F /* Sources */ = {
			isa = PBXSourcesBuildPhase;
			buildActionMask = 2147483647;
			files = (
				A6D04D3B18B4F77000977B7A /* ScrivelEngineTests.m in Sources */,
				A63BB5F318AD30EA0051FA9F /* SEScriptTests.m in Sources */,
			);
			runOnlyForDeploymentPostprocessing = 0;
		};
		A6AC921518AC921C00D43025 /* Sources */ = {
			isa = PBXSourcesBuildPhase;
			buildActionMask = 2147483647;
			files = (
				A6AC922218AC921C00D43025 /* main.m in Sources */,
				A6AC922918AC921C00D43025 /* SEDAppDelegate.m in Sources */,
			);
			runOnlyForDeploymentPostprocessing = 0;
		};
/* End PBXSourcesBuildPhase section */

/* Begin PBXTargetDependency section */
		A60ECC0518AC86A7000F7A40 /* PBXTargetDependency */ = {
			isa = PBXTargetDependency;
			target = A60ECBF218AC86A7000F7A40 /* ScrivelEngine */;
			targetProxy = A60ECC0418AC86A7000F7A40 /* PBXContainerItemProxy */;
		};
		A63BB5EF18AD30D30051FA9F /* PBXTargetDependency */ = {
			isa = PBXTargetDependency;
			target = A60ECC2918AC8BE1000F7A40 /* ScrivelEngineMac */;
			targetProxy = A63BB5EE18AD30D30051FA9F /* PBXContainerItemProxy */;
		};
		A6AC921418AC920200D43025 /* PBXTargetDependency */ = {
			isa = PBXTargetDependency;
			target = A60ECBF218AC86A7000F7A40 /* ScrivelEngine */;
			targetProxy = A6AC921318AC920200D43025 /* PBXContainerItemProxy */;
		};
		A6AC927C18AC937500D43025 /* PBXTargetDependency */ = {
			isa = PBXTargetDependency;
			target = A60ECC2918AC8BE1000F7A40 /* ScrivelEngineMac */;
			targetProxy = A6AC927B18AC937500D43025 /* PBXContainerItemProxy */;
		};
/* End PBXTargetDependency section */

/* Begin PBXVariantGroup section */
		A60ECBBF18AC8523000F7A40 /* InfoPlist.strings */ = {
			isa = PBXVariantGroup;
			children = (
				A60ECBC018AC8523000F7A40 /* en */,
			);
			name = InfoPlist.strings;
			sourceTree = "<group>";
		};
		A60ECBC818AC8523000F7A40 /* Main.storyboard */ = {
			isa = PBXVariantGroup;
			children = (
				A60ECBC918AC8523000F7A40 /* Base */,
			);
			name = Main.storyboard;
			sourceTree = "<group>";
		};
		A60ECC0A18AC86A7000F7A40 /* InfoPlist.strings */ = {
			isa = PBXVariantGroup;
			children = (
				A60ECC0B18AC86A7000F7A40 /* en */,
			);
			name = InfoPlist.strings;
			sourceTree = "<group>";
		};
		A6AC921E18AC921C00D43025 /* InfoPlist.strings */ = {
			isa = PBXVariantGroup;
			children = (
				A6AC921F18AC921C00D43025 /* en */,
			);
			name = InfoPlist.strings;
			sourceTree = "<group>";
		};
		A6AC922418AC921C00D43025 /* Credits.rtf */ = {
			isa = PBXVariantGroup;
			children = (
				A6AC922518AC921C00D43025 /* en */,
			);
			name = Credits.rtf;
			sourceTree = "<group>";
		};
		A6AC922A18AC921C00D43025 /* MainMenu.xib */ = {
			isa = PBXVariantGroup;
			children = (
				A6AC922B18AC921C00D43025 /* Base */,
			);
			name = MainMenu.xib;
			sourceTree = "<group>";
		};
/* End PBXVariantGroup section */

/* Begin XCBuildConfiguration section */
		A60ECBE318AC8524000F7A40 /* Debug */ = {
			isa = XCBuildConfiguration;
			buildSettings = {
				ASSETCATALOG_COMPILER_APPICON_NAME = AppIcon;
				ASSETCATALOG_COMPILER_LAUNCHIMAGE_NAME = LaunchImage;
				"CODE_SIGN_IDENTITY[sdk=iphoneos*]" = "iPhone Developer";
				FRAMEWORK_SEARCH_PATHS = (
					"$(inherited)",
					"$(DEVELOPER_FRAMEWORKS_DIR)",
					/Users/keroxp/Development/iOS/ScrivelEngine/Frameworks,
				);
				GCC_PRECOMPILE_PREFIX_HEADER = YES;
				GCC_PREFIX_HEADER = "ScrivelEngineDemo/ScrivelEngineDemo-Prefix.pch";
				GCC_PREPROCESSOR_DEFINITIONS = (
					"DEBUG=1",
					"$(inherited)",
				);
				INFOPLIST_FILE = "ScrivelEngineDemo/ScrivelEngineDemo-Info.plist";
				ONLY_ACTIVE_ARCH = YES;
				OTHER_LDFLAGS = (
					"-ObjC",
					"-licucore",
					"-framework",
					Foundation,
					"$(inherited)",
				);
				PRODUCT_NAME = "$(TARGET_NAME)";
				VALID_ARCHS = "armv6 armv7 armv7s arm64 i386";
				WRAPPER_EXTENSION = app;
			};
			name = Debug;
		};
		A60ECBE418AC8524000F7A40 /* Release */ = {
			isa = XCBuildConfiguration;
			buildSettings = {
				ASSETCATALOG_COMPILER_APPICON_NAME = AppIcon;
				ASSETCATALOG_COMPILER_LAUNCHIMAGE_NAME = LaunchImage;
				"CODE_SIGN_IDENTITY[sdk=iphoneos*]" = "iPhone Developer";
				FRAMEWORK_SEARCH_PATHS = (
					"$(inherited)",
					"$(DEVELOPER_FRAMEWORKS_DIR)",
					/Users/keroxp/Development/iOS/ScrivelEngine/Frameworks,
				);
				GCC_PRECOMPILE_PREFIX_HEADER = YES;
				GCC_PREFIX_HEADER = "ScrivelEngineDemo/ScrivelEngineDemo-Prefix.pch";
				INFOPLIST_FILE = "ScrivelEngineDemo/ScrivelEngineDemo-Info.plist";
				ONLY_ACTIVE_ARCH = YES;
				OTHER_LDFLAGS = (
					"-ObjC",
					"-licucore",
					"-framework",
					Foundation,
					"$(inherited)",
				);
				PRODUCT_NAME = "$(TARGET_NAME)";
				VALID_ARCHS = "armv6 armv7 armv7s arm64 i386";
				WRAPPER_EXTENSION = app;
			};
			name = Release;
		};
		A60ECC1018AC86A7000F7A40 /* Debug */ = {
			isa = XCBuildConfiguration;
			buildSettings = {
				ALWAYS_SEARCH_USER_PATHS = NO;
				DSTROOT = /tmp/ScrivelEngine.dst;
				FRAMEWORK_SEARCH_PATHS = "$(inherited)";
				GCC_PRECOMPILE_PREFIX_HEADER = YES;
				GCC_PREFIX_HEADER = "ScrivelEngine/ScrivelEngine-Prefix.pch";
				GCC_PREPROCESSOR_DEFINITIONS = (
					"DEBUG=1",
					"$(inherited)",
				);
				HEADER_SEARCH_PATHS = "$(inherited)";
				LIBRARY_SEARCH_PATHS = (
					"$(inherited)",
					"/Users/keroxp/Development/iOS/ScrivelEngine/External/ParseKit/build/Debug-iphoneuniversal",
				);
				MACH_O_TYPE = staticlib;
				OTHER_LDFLAGS = "$(inherited)";
				PRODUCT_NAME = "$(TARGET_NAME)";
				PUBLIC_HEADERS_FOLDER_PATH = /usr/local/lib;
				SKIP_INSTALL = YES;
			};
			name = Debug;
		};
		A60ECC1118AC86A7000F7A40 /* Release */ = {
			isa = XCBuildConfiguration;
			buildSettings = {
				ALWAYS_SEARCH_USER_PATHS = NO;
				DSTROOT = /tmp/ScrivelEngine.dst;
				FRAMEWORK_SEARCH_PATHS = "$(inherited)";
				GCC_PRECOMPILE_PREFIX_HEADER = YES;
				GCC_PREFIX_HEADER = "ScrivelEngine/ScrivelEngine-Prefix.pch";
				HEADER_SEARCH_PATHS = "$(inherited)";
				LIBRARY_SEARCH_PATHS = (
					"$(inherited)",
					"/Users/keroxp/Development/iOS/ScrivelEngine/External/ParseKit/build/Debug-iphoneuniversal",
				);
				MACH_O_TYPE = staticlib;
				OTHER_LDFLAGS = "$(inherited)";
				PRODUCT_NAME = "$(TARGET_NAME)";
				PUBLIC_HEADERS_FOLDER_PATH = /usr/local/lib;
				SKIP_INSTALL = YES;
			};
			name = Release;
		};
		A60ECC1318AC86A7000F7A40 /* Debug */ = {
			isa = XCBuildConfiguration;
			buildSettings = {
				ARCHS = "$(ARCHS_STANDARD)";
				FRAMEWORK_SEARCH_PATHS = (
					"$(SDKROOT)/Developer/Library/Frameworks",
					"$(inherited)",
					"$(DEVELOPER_FRAMEWORKS_DIR)",
				);
				GCC_PRECOMPILE_PREFIX_HEADER = YES;
				GCC_PREFIX_HEADER = "ScrivelEngine/ScrivelEngine-Prefix.pch";
				GCC_PREPROCESSOR_DEFINITIONS = (
					"DEBUG=1",
					"$(inherited)",
				);
				HEADER_SEARCH_PATHS = "$(inherited)";
				INFOPLIST_FILE = "ScrivelEngineTests/ScrivelEngineTests-Info.plist";
				IPHONEOS_DEPLOYMENT_TARGET = 6.0;
				LIBRARY_SEARCH_PATHS = "$(inherited)";
				ONLY_ACTIVE_ARCH = YES;
				OTHER_LDFLAGS = (
					"$(inherited)",
					"-framework",
					XCTest,
					"-ObjC",
					"-licucore",
				);
				PRODUCT_NAME = "$(TARGET_NAME)";
				VALID_ARCHS = "arm64 armv7 armv7s";
				WRAPPER_EXTENSION = xctest;
			};
			name = Debug;
		};
		A60ECC1418AC86A7000F7A40 /* Release */ = {
			isa = XCBuildConfiguration;
			buildSettings = {
				ARCHS = "$(ARCHS_STANDARD)";
				FRAMEWORK_SEARCH_PATHS = (
					"$(SDKROOT)/Developer/Library/Frameworks",
					"$(inherited)",
					"$(DEVELOPER_FRAMEWORKS_DIR)",
				);
				GCC_PRECOMPILE_PREFIX_HEADER = YES;
				GCC_PREFIX_HEADER = "ScrivelEngine/ScrivelEngine-Prefix.pch";
				HEADER_SEARCH_PATHS = "$(inherited)";
				INFOPLIST_FILE = "ScrivelEngineTests/ScrivelEngineTests-Info.plist";
				IPHONEOS_DEPLOYMENT_TARGET = 6.0;
				LIBRARY_SEARCH_PATHS = "$(inherited)";
				ONLY_ACTIVE_ARCH = NO;
				OTHER_LDFLAGS = (
					"$(inherited)",
					"-framework",
					XCTest,
					"-ObjC",
					"-licucore",
				);
				PRODUCT_NAME = "$(TARGET_NAME)";
				VALID_ARCHS = "arm64 armv7 armv7s";
				WRAPPER_EXTENSION = xctest;
			};
			name = Release;
		};
		A60ECC4A18AC8BE1000F7A40 /* Debug */ = {
			isa = XCBuildConfiguration;
			buildSettings = {
				FRAMEWORK_SEARCH_PATHS = (
					"$(inherited)",
					"$(DEVELOPER_FRAMEWORKS_DIR)",
					"$(BUILT_PRODUCTS_DIR)/**",
					"\\\"$(SRCROOT)/External/ParseKit/build\\\"",
					"$(USER_LIBRARY_DIR)/Developer/Xcode/DerivedData/ScrivelEngine-cktlybcmurhtpmavsdtgrdzequle/Build/Products/Debug",
				);
				GCC_ENABLE_OBJC_EXCEPTIONS = YES;
				GCC_PRECOMPILE_PREFIX_HEADER = YES;
				GCC_PREFIX_HEADER = "ScrivelEngine/ScrivelEngine-Prefix.pch";
				GCC_PREPROCESSOR_DEFINITIONS = (
					"DEBUG=1",
					"$(inherited)",
				);
				HEADER_SEARCH_PATHS = (
					"$(inherited)",
					/Applications/Xcode.app/Contents/Developer/Toolchains/XcodeDefault.xctoolchain/usr/include,
				);
				LIBRARY_SEARCH_PATHS = "$(inherited)";
				MACOSX_DEPLOYMENT_TARGET = 10.7;
				OTHER_LDFLAGS = "$(inherited)";
				PRODUCT_NAME = "$(TARGET_NAME)";
				SDKROOT = macosx;
				VALID_ARCHS = x86_64;
			};
			name = Debug;
		};
		A60ECC4B18AC8BE1000F7A40 /* Release */ = {
			isa = XCBuildConfiguration;
			buildSettings = {
				DEBUG_INFORMATION_FORMAT = "dwarf-with-dsym";
				FRAMEWORK_SEARCH_PATHS = (
					"$(inherited)",
					"$(DEVELOPER_FRAMEWORKS_DIR)",
					"$(BUILT_PRODUCTS_DIR)/**",
					"\\\"$(SRCROOT)/External/ParseKit/build\\\"",
					"$(USER_LIBRARY_DIR)/Developer/Xcode/DerivedData/ScrivelEngine-cktlybcmurhtpmavsdtgrdzequle/Build/Products/Debug",
				);
				GCC_ENABLE_OBJC_EXCEPTIONS = YES;
				GCC_PRECOMPILE_PREFIX_HEADER = YES;
				GCC_PREFIX_HEADER = "ScrivelEngine/ScrivelEngine-Prefix.pch";
				HEADER_SEARCH_PATHS = (
					"$(inherited)",
					/Applications/Xcode.app/Contents/Developer/Toolchains/XcodeDefault.xctoolchain/usr/include,
				);
				LIBRARY_SEARCH_PATHS = "$(inherited)";
				MACOSX_DEPLOYMENT_TARGET = 10.7;
				OTHER_LDFLAGS = "$(inherited)";
				PRODUCT_NAME = "$(TARGET_NAME)";
				SDKROOT = macosx;
				VALID_ARCHS = x86_64;
			};
			name = Release;
		};
		A63BB5F118AD30D30051FA9F /* Debug */ = {
			isa = XCBuildConfiguration;
			buildSettings = {
				ALWAYS_SEARCH_USER_PATHS = NO;
				ARCHS = "$(ARCHS_STANDARD)";
				COMBINE_HIDPI_IMAGES = YES;
				FRAMEWORK_SEARCH_PATHS = (
					"$(DEVELOPER_FRAMEWORKS_DIR)",
					"$(inherited)",
				);
				GCC_ENABLE_OBJC_EXCEPTIONS = YES;
				GCC_PRECOMPILE_PREFIX_HEADER = YES;
				GCC_PREFIX_HEADER = "ScrivelEngine/ScrivelEngine-Prefix.pch";
				GCC_PREPROCESSOR_DEFINITIONS = (
					"DEBUG=1",
					"$(inherited)",
				);
				HEADER_SEARCH_PATHS = (
					"$(inherited)",
					/Applications/Xcode.app/Contents/Developer/Toolchains/XcodeDefault.xctoolchain/usr/include,
				);
				INFOPLIST_FILE = "ScrivelEngineTests/ScrivelEngineTests-Info.plist";
				LIBRARY_SEARCH_PATHS = (
					"$(inherited)",
					"$(USER_LIBRARY_DIR)/Developer/Xcode/DerivedData/ScrivelEngine-cktlybcmurhtpmavsdtgrdzequle/Build/Products/Debug",
				);
				MACOSX_DEPLOYMENT_TARGET = 10.9;
				ONLY_ACTIVE_ARCH = NO;
				OTHER_LDFLAGS = (
					"-ObjC",
					"-licucore",
					"-framework",
					ParseKit,
				);
				PRODUCT_NAME = "$(TARGET_NAME)";
				SDKROOT = macosx;
				VALID_ARCHS = x86_64;
				WRAPPER_EXTENSION = xctest;
			};
			name = Debug;
		};
		A63BB5F218AD30D30051FA9F /* Release */ = {
			isa = XCBuildConfiguration;
			buildSettings = {
				ALWAYS_SEARCH_USER_PATHS = NO;
				ARCHS = "$(ARCHS_STANDARD)";
				COMBINE_HIDPI_IMAGES = YES;
				DEBUG_INFORMATION_FORMAT = "dwarf-with-dsym";
				FRAMEWORK_SEARCH_PATHS = (
					"$(DEVELOPER_FRAMEWORKS_DIR)",
					"$(inherited)",
				);
				GCC_ENABLE_OBJC_EXCEPTIONS = YES;
				GCC_PRECOMPILE_PREFIX_HEADER = YES;
				GCC_PREFIX_HEADER = "ScrivelEngine/ScrivelEngine-Prefix.pch";
				HEADER_SEARCH_PATHS = (
					"$(inherited)",
					/Applications/Xcode.app/Contents/Developer/Toolchains/XcodeDefault.xctoolchain/usr/include,
				);
				INFOPLIST_FILE = "ScrivelEngineTests/ScrivelEngineTests-Info.plist";
				LIBRARY_SEARCH_PATHS = (
					"$(inherited)",
					"$(USER_LIBRARY_DIR)/Developer/Xcode/DerivedData/ScrivelEngine-cktlybcmurhtpmavsdtgrdzequle/Build/Products/Debug",
				);
				MACOSX_DEPLOYMENT_TARGET = 10.9;
				ONLY_ACTIVE_ARCH = NO;
				OTHER_LDFLAGS = (
					"-ObjC",
					"-licucore",
					"-framework",
					ParseKit,
				);
				PRODUCT_NAME = "$(TARGET_NAME)";
				SDKROOT = macosx;
				VALID_ARCHS = x86_64;
				WRAPPER_EXTENSION = xctest;
			};
			name = Release;
		};
		A6A6129218A7B0DA00CBD988 /* Debug */ = {
			isa = XCBuildConfiguration;
			buildSettings = {
				ALWAYS_SEARCH_USER_PATHS = YES;
				CLANG_CXX_LANGUAGE_STANDARD = "gnu++0x";
				CLANG_CXX_LIBRARY = "libc++";
				CLANG_ENABLE_MODULES = YES;
				CLANG_ENABLE_OBJC_ARC = YES;
				CLANG_WARN_BOOL_CONVERSION = YES;
				CLANG_WARN_CONSTANT_CONVERSION = YES;
				CLANG_WARN_DIRECT_OBJC_ISA_USAGE = YES_ERROR;
				CLANG_WARN_EMPTY_BODY = YES;
				CLANG_WARN_ENUM_CONVERSION = YES;
				CLANG_WARN_INT_CONVERSION = YES;
				CLANG_WARN_OBJC_ROOT_CLASS = YES_ERROR;
				CLANG_WARN__DUPLICATE_METHOD_MATCH = YES;
				COPY_PHASE_STRIP = NO;
				FRAMEWORK_SEARCH_PATHS = "";
				GCC_C_LANGUAGE_STANDARD = gnu99;
				GCC_DYNAMIC_NO_PIC = NO;
				GCC_OPTIMIZATION_LEVEL = 0;
				GCC_PREPROCESSOR_DEFINITIONS = (
					"DEBUG=1",
					"$(inherited)",
				);
				GCC_SYMBOLS_PRIVATE_EXTERN = NO;
				GCC_WARN_64_TO_32_BIT_CONVERSION = YES;
				GCC_WARN_ABOUT_RETURN_TYPE = YES_ERROR;
				GCC_WARN_UNDECLARED_SELECTOR = YES;
				GCC_WARN_UNINITIALIZED_AUTOS = YES;
				GCC_WARN_UNUSED_FUNCTION = YES;
				GCC_WARN_UNUSED_VARIABLE = YES;
				HEADER_SEARCH_PATHS = (
					/Applications/Xcode.app/Contents/Developer/Toolchains/XcodeDefault.xctoolchain/usr/include,
					"${SRCROOT}/External/ParseKit/include",
				);
				IPHONEOS_DEPLOYMENT_TARGET = 6.0;
				LIBRARY_SEARCH_PATHS = (
					"$(inherited)",
					"$(BUILT_PRODUCTS_DIR)/**",
				);
				MACOSX_DEPLOYMENT_TARGET = 10.7;
				ONLY_ACTIVE_ARCH = YES;
				OTHER_LDFLAGS = "";
				SDKROOT = iphoneos;
			};
			name = Debug;
		};
		A6A6129318A7B0DA00CBD988 /* Release */ = {
			isa = XCBuildConfiguration;
			buildSettings = {
				ALWAYS_SEARCH_USER_PATHS = YES;
				CLANG_CXX_LANGUAGE_STANDARD = "gnu++0x";
				CLANG_CXX_LIBRARY = "libc++";
				CLANG_ENABLE_MODULES = YES;
				CLANG_ENABLE_OBJC_ARC = YES;
				CLANG_WARN_BOOL_CONVERSION = YES;
				CLANG_WARN_CONSTANT_CONVERSION = YES;
				CLANG_WARN_DIRECT_OBJC_ISA_USAGE = YES_ERROR;
				CLANG_WARN_EMPTY_BODY = YES;
				CLANG_WARN_ENUM_CONVERSION = YES;
				CLANG_WARN_INT_CONVERSION = YES;
				CLANG_WARN_OBJC_ROOT_CLASS = YES_ERROR;
				CLANG_WARN__DUPLICATE_METHOD_MATCH = YES;
				COPY_PHASE_STRIP = YES;
				ENABLE_NS_ASSERTIONS = NO;
				FRAMEWORK_SEARCH_PATHS = "";
				GCC_C_LANGUAGE_STANDARD = gnu99;
				GCC_WARN_64_TO_32_BIT_CONVERSION = YES;
				GCC_WARN_ABOUT_RETURN_TYPE = YES_ERROR;
				GCC_WARN_UNDECLARED_SELECTOR = YES;
				GCC_WARN_UNINITIALIZED_AUTOS = YES;
				GCC_WARN_UNUSED_FUNCTION = YES;
				GCC_WARN_UNUSED_VARIABLE = YES;
				HEADER_SEARCH_PATHS = (
					/Applications/Xcode.app/Contents/Developer/Toolchains/XcodeDefault.xctoolchain/usr/include,
					"${SRCROOT}/External/ParseKit/include",
				);
				IPHONEOS_DEPLOYMENT_TARGET = 6.0;
				LIBRARY_SEARCH_PATHS = (
					"$(inherited)",
					"$(BUILT_PRODUCTS_DIR)/**",
				);
				MACOSX_DEPLOYMENT_TARGET = 10.7;
				OTHER_LDFLAGS = "";
				SDKROOT = iphoneos;
				VALIDATE_PRODUCT = YES;
			};
			name = Release;
		};
		A6AC924118AC921C00D43025 /* Debug */ = {
			isa = XCBuildConfiguration;
			buildSettings = {
				ASSETCATALOG_COMPILER_APPICON_NAME = AppIcon;
				COMBINE_HIDPI_IMAGES = YES;
				FRAMEWORK_SEARCH_PATHS = (
					"$(inherited)",
					"$(DEVELOPER_FRAMEWORKS_DIR)",
					"$(USER_LIBRARY_DIR)/Developer/Xcode/DerivedData/ScrivelEngine-cktlybcmurhtpmavsdtgrdzequle/Build/Products/Debug",
				);
				GCC_ENABLE_OBJC_EXCEPTIONS = YES;
				GCC_PRECOMPILE_PREFIX_HEADER = YES;
				GCC_PREFIX_HEADER = "ScrivelEngineMacDemo/ScrivelEngineMacDemo-Prefix.pch";
				GCC_PREPROCESSOR_DEFINITIONS = (
					"DEBUG=1",
					"$(inherited)",
				);
				HEADER_SEARCH_PATHS = (
					"$(inherited)",
					/Applications/Xcode.app/Contents/Developer/Toolchains/XcodeDefault.xctoolchain/usr/include,
					"${SRCROOT}/External/ParseKit/include",
				);
				INFOPLIST_FILE = "ScrivelEngineMacDemo/ScrivelEngineMacDemo-Info.plist";
				MACOSX_DEPLOYMENT_TARGET = 10.9;
				PRODUCT_NAME = "$(TARGET_NAME)";
				SDKROOT = macosx;
				WRAPPER_EXTENSION = app;
			};
			name = Debug;
		};
		A6AC924218AC921C00D43025 /* Release */ = {
			isa = XCBuildConfiguration;
			buildSettings = {
				ASSETCATALOG_COMPILER_APPICON_NAME = AppIcon;
				COMBINE_HIDPI_IMAGES = YES;
				DEBUG_INFORMATION_FORMAT = "dwarf-with-dsym";
				FRAMEWORK_SEARCH_PATHS = (
					"$(inherited)",
					"$(DEVELOPER_FRAMEWORKS_DIR)",
					"$(USER_LIBRARY_DIR)/Developer/Xcode/DerivedData/ScrivelEngine-cktlybcmurhtpmavsdtgrdzequle/Build/Products/Debug",
				);
				GCC_ENABLE_OBJC_EXCEPTIONS = YES;
				GCC_PRECOMPILE_PREFIX_HEADER = YES;
				GCC_PREFIX_HEADER = "ScrivelEngineMacDemo/ScrivelEngineMacDemo-Prefix.pch";
				HEADER_SEARCH_PATHS = (
					"$(inherited)",
					/Applications/Xcode.app/Contents/Developer/Toolchains/XcodeDefault.xctoolchain/usr/include,
					"${SRCROOT}/External/ParseKit/include",
				);
				INFOPLIST_FILE = "ScrivelEngineMacDemo/ScrivelEngineMacDemo-Info.plist";
				MACOSX_DEPLOYMENT_TARGET = 10.9;
				PRODUCT_NAME = "$(TARGET_NAME)";
				SDKROOT = macosx;
				WRAPPER_EXTENSION = app;
			};
			name = Release;
		};
/* End XCBuildConfiguration section */

/* Begin XCConfigurationList section */
		A60ECBE218AC8524000F7A40 /* Build configuration list for PBXNativeTarget "ScrivelEngineDemo" */ = {
			isa = XCConfigurationList;
			buildConfigurations = (
				A60ECBE318AC8524000F7A40 /* Debug */,
				A60ECBE418AC8524000F7A40 /* Release */,
			);
			defaultConfigurationIsVisible = 0;
			defaultConfigurationName = Release;
		};
		A60ECC0F18AC86A7000F7A40 /* Build configuration list for PBXNativeTarget "ScrivelEngine" */ = {
			isa = XCConfigurationList;
			buildConfigurations = (
				A60ECC1018AC86A7000F7A40 /* Debug */,
				A60ECC1118AC86A7000F7A40 /* Release */,
			);
			defaultConfigurationIsVisible = 0;
			defaultConfigurationName = Release;
		};
		A60ECC1218AC86A7000F7A40 /* Build configuration list for PBXNativeTarget "ScrivelEngineTests" */ = {
			isa = XCConfigurationList;
			buildConfigurations = (
				A60ECC1318AC86A7000F7A40 /* Debug */,
				A60ECC1418AC86A7000F7A40 /* Release */,
			);
			defaultConfigurationIsVisible = 0;
			defaultConfigurationName = Release;
		};
		A60ECC4918AC8BE1000F7A40 /* Build configuration list for PBXNativeTarget "ScrivelEngineMac" */ = {
			isa = XCConfigurationList;
			buildConfigurations = (
				A60ECC4A18AC8BE1000F7A40 /* Debug */,
				A60ECC4B18AC8BE1000F7A40 /* Release */,
			);
			defaultConfigurationIsVisible = 0;
			defaultConfigurationName = Release;
		};
		A63BB5F018AD30D30051FA9F /* Build configuration list for PBXNativeTarget "ScrivelEngineMacTests" */ = {
			isa = XCConfigurationList;
			buildConfigurations = (
				A63BB5F118AD30D30051FA9F /* Debug */,
				A63BB5F218AD30D30051FA9F /* Release */,
			);
			defaultConfigurationIsVisible = 0;
			defaultConfigurationName = Release;
		};
		A6A6126C18A7B0DA00CBD988 /* Build configuration list for PBXProject "ScrivelEngine" */ = {
			isa = XCConfigurationList;
			buildConfigurations = (
				A6A6129218A7B0DA00CBD988 /* Debug */,
				A6A6129318A7B0DA00CBD988 /* Release */,
			);
			defaultConfigurationIsVisible = 0;
			defaultConfigurationName = Release;
		};
		A6AC924018AC921C00D43025 /* Build configuration list for PBXNativeTarget "ScrivelEngineMacDemo" */ = {
			isa = XCConfigurationList;
			buildConfigurations = (
				A6AC924118AC921C00D43025 /* Debug */,
				A6AC924218AC921C00D43025 /* Release */,
			);
			defaultConfigurationIsVisible = 0;
			defaultConfigurationName = Release;
		};
/* End XCConfigurationList section */
	};
	rootObject = A6A6126918A7B0DA00CBD988 /* Project object */;
}
