// !$*UTF8*$!
{
	archiveVersion = 1;
	classes = {
	};
	objectVersion = 46;
	objects = {

/* Begin PBXBuildFile section */
		A60ECBB818AC8523000F7A40 /* Foundation.framework in Frameworks */ = {isa = PBXBuildFile; fileRef = A6A6127418A7B0DA00CBD988 /* Foundation.framework */; };
		A60ECBBA18AC8523000F7A40 /* CoreGraphics.framework in Frameworks */ = {isa = PBXBuildFile; fileRef = A60ECBB918AC8523000F7A40 /* CoreGraphics.framework */; };
		A60ECBC318AC8523000F7A40 /* main.m in Sources */ = {isa = PBXBuildFile; fileRef = A60ECBC218AC8523000F7A40 /* main.m */; };
		A60ECBC718AC8523000F7A40 /* SEDAppDelegate.m in Sources */ = {isa = PBXBuildFile; fileRef = A60ECBC618AC8523000F7A40 /* SEDAppDelegate.m */; };
		A60ECBCD18AC8523000F7A40 /* SEDViewController.m in Sources */ = {isa = PBXBuildFile; fileRef = A60ECBCC18AC8523000F7A40 /* SEDViewController.m */; };
		A60ECBF418AC86A7000F7A40 /* Foundation.framework in Frameworks */ = {isa = PBXBuildFile; fileRef = A6A6127418A7B0DA00CBD988 /* Foundation.framework */; };
		A60ECC0118AC86A7000F7A40 /* XCTest.framework in Frameworks */ = {isa = PBXBuildFile; fileRef = A6A6128218A7B0DA00CBD988 /* XCTest.framework */; };
		A60ECC0218AC86A7000F7A40 /* Foundation.framework in Frameworks */ = {isa = PBXBuildFile; fileRef = A6A6127418A7B0DA00CBD988 /* Foundation.framework */; };
		A60ECC0C18AC86A7000F7A40 /* InfoPlist.strings in Resources */ = {isa = PBXBuildFile; fileRef = A60ECC0A18AC86A7000F7A40 /* InfoPlist.strings */; };
		A60ECC1F18AC8A46000F7A40 /* SEMethod.m in Sources */ = {isa = PBXBuildFile; fileRef = A60ECC1618AC8A46000F7A40 /* SEMethod.m */; };
		A60ECC2018AC8A46000F7A40 /* SEScript.m in Sources */ = {isa = PBXBuildFile; fileRef = A60ECC1818AC8A46000F7A40 /* SEScript.m */; };
		A60ECC2118AC8A46000F7A40 /* SEGlobalObject.m in Sources */ = {isa = PBXBuildFile; fileRef = A60ECC1A18AC8A46000F7A40 /* SEGlobalObject.m */; };
		A60ECC2218AC8A46000F7A40 /* SEObject.m in Sources */ = {isa = PBXBuildFile; fileRef = A60ECC1C18AC8A46000F7A40 /* SEObject.m */; };
		A60ECC2318AC8A46000F7A40 /* PKToken+ScrivelEngine.m in Sources */ = {isa = PBXBuildFile; fileRef = A60ECC1E18AC8A46000F7A40 /* PKToken+ScrivelEngine.m */; };
		A60ECC2518AC8A5D000F7A40 /* SEScriptTests.m in Sources */ = {isa = PBXBuildFile; fileRef = A60ECC2418AC8A5D000F7A40 /* SEScriptTests.m */; };
		A60ECC5018AC8C54000F7A40 /* SEMethod.m in Sources */ = {isa = PBXBuildFile; fileRef = A60ECC1618AC8A46000F7A40 /* SEMethod.m */; };
		A60ECC5118AC8C54000F7A40 /* SEScript.m in Sources */ = {isa = PBXBuildFile; fileRef = A60ECC1818AC8A46000F7A40 /* SEScript.m */; };
		A60ECC5218AC8C54000F7A40 /* SEGlobalObject.m in Sources */ = {isa = PBXBuildFile; fileRef = A60ECC1A18AC8A46000F7A40 /* SEGlobalObject.m */; };
		A60ECC5318AC8C54000F7A40 /* SEObject.m in Sources */ = {isa = PBXBuildFile; fileRef = A60ECC1C18AC8A46000F7A40 /* SEObject.m */; };
		A60ECC5418AC8C54000F7A40 /* PKToken+ScrivelEngine.m in Sources */ = {isa = PBXBuildFile; fileRef = A60ECC1E18AC8A46000F7A40 /* PKToken+ScrivelEngine.m */; };
		A63BB5DD18AD2DFD0051FA9F /* libParseKit-iOS.a in Frameworks */ = {isa = PBXBuildFile; fileRef = A63BB5DC18AD2DFD0051FA9F /* libParseKit-iOS.a */; };
		A63BB5DE18AD30310051FA9F /* libScrivelEngine.a in Frameworks */ = {isa = PBXBuildFile; fileRef = A60ECBF318AC86A7000F7A40 /* libScrivelEngine.a */; };
		A63BB5E418AD30D30051FA9F /* XCTest.framework in Frameworks */ = {isa = PBXBuildFile; fileRef = A6A6128218A7B0DA00CBD988 /* XCTest.framework */; };
		A63BB5EA18AD30D30051FA9F /* InfoPlist.strings in Resources */ = {isa = PBXBuildFile; fileRef = A63BB5E818AD30D30051FA9F /* InfoPlist.strings */; };
		A63BB5F318AD30EA0051FA9F /* SEScriptTests.m in Sources */ = {isa = PBXBuildFile; fileRef = A60ECC2418AC8A5D000F7A40 /* SEScriptTests.m */; };
		A63BB5F418AD31960051FA9F /* libScrivelEngineMac.a in Frameworks */ = {isa = PBXBuildFile; fileRef = A60ECC2A18AC8BE1000F7A40 /* libScrivelEngineMac.a */; };
		A63BB5F518AD33D70051FA9F /* libScrivelEngineMac.a in Frameworks */ = {isa = PBXBuildFile; fileRef = A60ECC2A18AC8BE1000F7A40 /* libScrivelEngineMac.a */; };
		A63BB5F618AD34010051FA9F /* Foundation.framework in Frameworks */ = {isa = PBXBuildFile; fileRef = A6AC928218AC95F700D43025 /* Foundation.framework */; };
		A63BB5F818AD348A0051FA9F /* libParseKit.a in Frameworks */ = {isa = PBXBuildFile; fileRef = A63BB5F718AD348A0051FA9F /* libParseKit.a */; };
		A63F885F18AF82D4007FBE57 /* sample.sescript in Resources */ = {isa = PBXBuildFile; fileRef = A63F885E18AF82D4007FBE57 /* sample.sescript */; };
		A63F886018AF9DC3007FBE57 /* sample.sescript in Resources */ = {isa = PBXBuildFile; fileRef = A63F885E18AF82D4007FBE57 /* sample.sescript */; };
		A6AC922018AC921C00D43025 /* InfoPlist.strings in Resources */ = {isa = PBXBuildFile; fileRef = A6AC921E18AC921C00D43025 /* InfoPlist.strings */; };
		A6AC922218AC921C00D43025 /* main.m in Sources */ = {isa = PBXBuildFile; fileRef = A6AC922118AC921C00D43025 /* main.m */; };
		A6AC922618AC921C00D43025 /* Credits.rtf in Resources */ = {isa = PBXBuildFile; fileRef = A6AC922418AC921C00D43025 /* Credits.rtf */; };
		A6AC922918AC921C00D43025 /* SEDAppDelegate.m in Sources */ = {isa = PBXBuildFile; fileRef = A6AC922818AC921C00D43025 /* SEDAppDelegate.m */; };
		A6AC922C18AC921C00D43025 /* MainMenu.xib in Resources */ = {isa = PBXBuildFile; fileRef = A6AC922A18AC921C00D43025 /* MainMenu.xib */; };
		A6AC922E18AC921C00D43025 /* Images.xcassets in Resources */ = {isa = PBXBuildFile; fileRef = A6AC922D18AC921C00D43025 /* Images.xcassets */; };
		A6AC927F18AC95DB00D43025 /* Cocoa.framework in Frameworks */ = {isa = PBXBuildFile; fileRef = A6AC927E18AC95DB00D43025 /* Cocoa.framework */; };
		A6AC928118AC95F200D43025 /* AppKit.framework in Frameworks */ = {isa = PBXBuildFile; fileRef = A6AC928018AC95F200D43025 /* AppKit.framework */; };
		A6AC928318AC95F700D43025 /* Foundation.framework in Frameworks */ = {isa = PBXBuildFile; fileRef = A6AC928218AC95F700D43025 /* Foundation.framework */; };
		A6AC928418AC95FC00D43025 /* Cocoa.framework in Frameworks */ = {isa = PBXBuildFile; fileRef = A6AC927E18AC95DB00D43025 /* Cocoa.framework */; };
		A6AC928618AC960300D43025 /* UIKit.framework in Frameworks */ = {isa = PBXBuildFile; fileRef = A6AC928518AC960300D43025 /* UIKit.framework */; };
		A6AC92C018ACF44400D43025 /* libScrivelEngine.a in Frameworks */ = {isa = PBXBuildFile; fileRef = A60ECBF318AC86A7000F7A40 /* libScrivelEngine.a */; };
		A6D1760018AE5C4700AB11AF /* PKTokenizerTests.m in Sources */ = {isa = PBXBuildFile; fileRef = A6D175FF18AE5C4700AB11AF /* PKTokenizerTests.m */; };
		A6D1760118AE5C4700AB11AF /* PKTokenizerTests.m in Sources */ = {isa = PBXBuildFile; fileRef = A6D175FF18AE5C4700AB11AF /* PKTokenizerTests.m */; };
		A6D1760E18AE628200AB11AF /* SEScriptParser.h in Headers */ = {isa = PBXBuildFile; fileRef = A6D1760C18AE628200AB11AF /* SEScriptParser.h */; };
		A6D1760F18AE628200AB11AF /* SEScriptParser.m in Sources */ = {isa = PBXBuildFile; fileRef = A6D1760D18AE628200AB11AF /* SEScriptParser.m */; };
		A6D1761018AE628200AB11AF /* SEScriptParser.m in Sources */ = {isa = PBXBuildFile; fileRef = A6D1760D18AE628200AB11AF /* SEScriptParser.m */; };
/* End PBXBuildFile section */

/* Begin PBXContainerItemProxy section */
		A60ECC0418AC86A7000F7A40 /* PBXContainerItemProxy */ = {
			isa = PBXContainerItemProxy;
			containerPortal = A6A6126918A7B0DA00CBD988 /* Project object */;
			proxyType = 1;
			remoteGlobalIDString = A60ECBF218AC86A7000F7A40;
			remoteInfo = ScrivelEngine;
		};
		A63BB5EE18AD30D30051FA9F /* PBXContainerItemProxy */ = {
			isa = PBXContainerItemProxy;
			containerPortal = A6A6126918A7B0DA00CBD988 /* Project object */;
			proxyType = 1;
			remoteGlobalIDString = A60ECC2918AC8BE1000F7A40;
			remoteInfo = ScrivelEngineMac;
		};
		A6AC921318AC920200D43025 /* PBXContainerItemProxy */ = {
			isa = PBXContainerItemProxy;
			containerPortal = A6A6126918A7B0DA00CBD988 /* Project object */;
			proxyType = 1;
			remoteGlobalIDString = A60ECBF218AC86A7000F7A40;
			remoteInfo = ScrivelEngine;
		};
		A6AC927B18AC937500D43025 /* PBXContainerItemProxy */ = {
			isa = PBXContainerItemProxy;
			containerPortal = A6A6126918A7B0DA00CBD988 /* Project object */;
			proxyType = 1;
			remoteGlobalIDString = A60ECC2918AC8BE1000F7A40;
			remoteInfo = ScrivelEngineMac;
		};
/* End PBXContainerItemProxy section */

/* Begin PBXFileReference section */
		A60ECBB718AC8523000F7A40 /* ScrivelEngineDemo.app */ = {isa = PBXFileReference; explicitFileType = wrapper.application; includeInIndex = 0; path = ScrivelEngineDemo.app; sourceTree = BUILT_PRODUCTS_DIR; };
		A60ECBB918AC8523000F7A40 /* CoreGraphics.framework */ = {isa = PBXFileReference; lastKnownFileType = wrapper.framework; name = CoreGraphics.framework; path = System/Library/Frameworks/CoreGraphics.framework; sourceTree = SDKROOT; };
		A60ECBBE18AC8523000F7A40 /* ScrivelEngineDemo-Info.plist */ = {isa = PBXFileReference; lastKnownFileType = text.plist.xml; path = "ScrivelEngineDemo-Info.plist"; sourceTree = "<group>"; };
		A60ECBC018AC8523000F7A40 /* en */ = {isa = PBXFileReference; lastKnownFileType = text.plist.strings; name = en; path = en.lproj/InfoPlist.strings; sourceTree = "<group>"; };
		A60ECBC218AC8523000F7A40 /* main.m */ = {isa = PBXFileReference; lastKnownFileType = sourcecode.c.objc; path = main.m; sourceTree = "<group>"; };
		A60ECBC418AC8523000F7A40 /* ScrivelEngineDemo-Prefix.pch */ = {isa = PBXFileReference; lastKnownFileType = sourcecode.c.h; path = "ScrivelEngineDemo-Prefix.pch"; sourceTree = "<group>"; };
		A60ECBC518AC8523000F7A40 /* SEDAppDelegate.h */ = {isa = PBXFileReference; lastKnownFileType = sourcecode.c.h; path = SEDAppDelegate.h; sourceTree = "<group>"; };
		A60ECBC618AC8523000F7A40 /* SEDAppDelegate.m */ = {isa = PBXFileReference; lastKnownFileType = sourcecode.c.objc; path = SEDAppDelegate.m; sourceTree = "<group>"; };
		A60ECBC918AC8523000F7A40 /* Base */ = {isa = PBXFileReference; lastKnownFileType = file.storyboard; name = Base; path = Base.lproj/Main.storyboard; sourceTree = "<group>"; };
		A60ECBCB18AC8523000F7A40 /* SEDViewController.h */ = {isa = PBXFileReference; lastKnownFileType = sourcecode.c.h; path = SEDViewController.h; sourceTree = "<group>"; };
		A60ECBCC18AC8523000F7A40 /* SEDViewController.m */ = {isa = PBXFileReference; lastKnownFileType = sourcecode.c.objc; path = SEDViewController.m; sourceTree = "<group>"; };
		A60ECBCE18AC8523000F7A40 /* Images.xcassets */ = {isa = PBXFileReference; lastKnownFileType = folder.assetcatalog; path = Images.xcassets; sourceTree = "<group>"; };
		A60ECBEA18AC864F000F7A40 /* ScrivelEngine-Prefix.pch */ = {isa = PBXFileReference; fileEncoding = 4; lastKnownFileType = sourcecode.c.h; path = "ScrivelEngine-Prefix.pch"; sourceTree = "<group>"; };
		A60ECBEB18AC864F000F7A40 /* ScrivelEngine.h */ = {isa = PBXFileReference; fileEncoding = 4; lastKnownFileType = sourcecode.c.h; path = ScrivelEngine.h; sourceTree = "<group>"; };
		A60ECBF318AC86A7000F7A40 /* libScrivelEngine.a */ = {isa = PBXFileReference; explicitFileType = archive.ar; includeInIndex = 0; path = libScrivelEngine.a; sourceTree = BUILT_PRODUCTS_DIR; };
		A60ECC0018AC86A7000F7A40 /* ScrivelEngineTests.xctest */ = {isa = PBXFileReference; explicitFileType = wrapper.cfbundle; includeInIndex = 0; path = ScrivelEngineTests.xctest; sourceTree = BUILT_PRODUCTS_DIR; };
		A60ECC0918AC86A7000F7A40 /* ScrivelEngineTests-Info.plist */ = {isa = PBXFileReference; lastKnownFileType = text.plist.xml; path = "ScrivelEngineTests-Info.plist"; sourceTree = "<group>"; };
		A60ECC0B18AC86A7000F7A40 /* en */ = {isa = PBXFileReference; lastKnownFileType = text.plist.strings; name = en; path = en.lproj/InfoPlist.strings; sourceTree = "<group>"; };
		A60ECC1518AC8A46000F7A40 /* SEMethod.h */ = {isa = PBXFileReference; fileEncoding = 4; lastKnownFileType = sourcecode.c.h; path = SEMethod.h; sourceTree = "<group>"; };
		A60ECC1618AC8A46000F7A40 /* SEMethod.m */ = {isa = PBXFileReference; fileEncoding = 4; lastKnownFileType = sourcecode.c.objc; path = SEMethod.m; sourceTree = "<group>"; };
		A60ECC1718AC8A46000F7A40 /* SEScript.h */ = {isa = PBXFileReference; fileEncoding = 4; lastKnownFileType = sourcecode.c.h; path = SEScript.h; sourceTree = "<group>"; };
		A60ECC1818AC8A46000F7A40 /* SEScript.m */ = {isa = PBXFileReference; fileEncoding = 4; lastKnownFileType = sourcecode.c.objc; path = SEScript.m; sourceTree = "<group>"; };
		A60ECC1918AC8A46000F7A40 /* SEGlobalObject.h */ = {isa = PBXFileReference; fileEncoding = 4; lastKnownFileType = sourcecode.c.h; path = SEGlobalObject.h; sourceTree = "<group>"; };
		A60ECC1A18AC8A46000F7A40 /* SEGlobalObject.m */ = {isa = PBXFileReference; fileEncoding = 4; lastKnownFileType = sourcecode.c.objc; path = SEGlobalObject.m; sourceTree = "<group>"; };
		A60ECC1B18AC8A46000F7A40 /* SEObject.h */ = {isa = PBXFileReference; fileEncoding = 4; lastKnownFileType = sourcecode.c.h; path = SEObject.h; sourceTree = "<group>"; };
		A60ECC1C18AC8A46000F7A40 /* SEObject.m */ = {isa = PBXFileReference; fileEncoding = 4; lastKnownFileType = sourcecode.c.objc; path = SEObject.m; sourceTree = "<group>"; };
		A60ECC1D18AC8A46000F7A40 /* PKToken+ScrivelEngine.h */ = {isa = PBXFileReference; fileEncoding = 4; lastKnownFileType = sourcecode.c.h; path = "PKToken+ScrivelEngine.h"; sourceTree = "<group>"; };
		A60ECC1E18AC8A46000F7A40 /* PKToken+ScrivelEngine.m */ = {isa = PBXFileReference; fileEncoding = 4; lastKnownFileType = sourcecode.c.objc; path = "PKToken+ScrivelEngine.m"; sourceTree = "<group>"; };
		A60ECC2418AC8A5D000F7A40 /* SEScriptTests.m */ = {isa = PBXFileReference; fileEncoding = 4; lastKnownFileType = sourcecode.c.objc; path = SEScriptTests.m; sourceTree = "<group>"; };
		A60ECC2A18AC8BE1000F7A40 /* libScrivelEngineMac.a */ = {isa = PBXFileReference; explicitFileType = archive.ar; includeInIndex = 0; path = libScrivelEngineMac.a; sourceTree = BUILT_PRODUCTS_DIR; };
		A60ECC2E18AC8BE1000F7A40 /* Foundation.framework */ = {isa = PBXFileReference; lastKnownFileType = wrapper.framework; name = Foundation.framework; path = Library/Frameworks/Foundation.framework; sourceTree = SDKROOT; };
		A60ECC2F18AC8BE1000F7A40 /* CoreData.framework */ = {isa = PBXFileReference; lastKnownFileType = wrapper.framework; name = CoreData.framework; path = Library/Frameworks/CoreData.framework; sourceTree = SDKROOT; };
		A60ECC3018AC8BE1000F7A40 /* AppKit.framework */ = {isa = PBXFileReference; lastKnownFileType = wrapper.framework; name = AppKit.framework; path = Library/Frameworks/AppKit.framework; sourceTree = SDKROOT; };
		A62FE7A818AE3F4B00F12E3A /* CoreFoundation.framework */ = {isa = PBXFileReference; lastKnownFileType = wrapper.framework; name = CoreFoundation.framework; path = System/Library/Frameworks/CoreFoundation.framework; sourceTree = SDKROOT; };
		A62FE7C718AE3FC500F12E3A /* script.grammer */ = {isa = PBXFileReference; fileEncoding = 4; lastKnownFileType = text; path = script.grammer; sourceTree = "<group>"; };
		A638D2FC18AD1FCC0008635E /* libicucore.dylib */ = {isa = PBXFileReference; lastKnownFileType = "compiled.mach-o.dylib"; name = libicucore.dylib; path = usr/lib/libicucore.dylib; sourceTree = SDKROOT; };
		A638D2FE18AD20010008635E /* ParseKit.framework */ = {isa = PBXFileReference; lastKnownFileType = wrapper.framework; name = ParseKit.framework; path = External/ParseKit/build/Debug/ParseKit.framework; sourceTree = "<group>"; };
		A638D30018AD20150008635E /* ParseKit.framework */ = {isa = PBXFileReference; lastKnownFileType = wrapper.framework; name = ParseKit.framework; path = "../../../Library/Developer/Xcode/DerivedData/ScrivelEngine-cktlybcmurhtpmavsdtgrdzequle/Build/Products/Debug/ParseKit.framework"; sourceTree = "<group>"; };
		A63BB5DC18AD2DFD0051FA9F /* libParseKit-iOS.a */ = {isa = PBXFileReference; lastKnownFileType = archive.ar; name = "libParseKit-iOS.a"; path = "External/ParseKit/build/Debug-iphoneuniversal/libParseKit-iOS.a"; sourceTree = "<group>"; };
		A63BB5E318AD30D30051FA9F /* ScrivelEngineMacTests.xctest */ = {isa = PBXFileReference; explicitFileType = wrapper.cfbundle; includeInIndex = 0; path = ScrivelEngineMacTests.xctest; sourceTree = BUILT_PRODUCTS_DIR; };
		A63BB5E718AD30D30051FA9F /* ScrivelEngineMacTests-Info.plist */ = {isa = PBXFileReference; lastKnownFileType = text.plist.xml; path = "ScrivelEngineMacTests-Info.plist"; sourceTree = "<group>"; };
		A63BB5E918AD30D30051FA9F /* en */ = {isa = PBXFileReference; lastKnownFileType = text.plist.strings; name = en; path = en.lproj/InfoPlist.strings; sourceTree = "<group>"; };
		A63BB5EB18AD30D30051FA9F /* ScrivelEngineMacTests.m */ = {isa = PBXFileReference; lastKnownFileType = sourcecode.c.objc; path = ScrivelEngineMacTests.m; sourceTree = "<group>"; };
		A63BB5ED18AD30D30051FA9F /* ScrivelEngineMacTests-Prefix.pch */ = {isa = PBXFileReference; lastKnownFileType = sourcecode.c.h; path = "ScrivelEngineMacTests-Prefix.pch"; sourceTree = "<group>"; };
		A63BB5F718AD348A0051FA9F /* libParseKit.a */ = {isa = PBXFileReference; lastKnownFileType = archive.ar; name = libParseKit.a; path = External/ParseKit/build/Debug/libParseKit.a; sourceTree = "<group>"; };
		A63F885D18AF783E007FBE57 /* SEScriptAssemblerDelegate.h */ = {isa = PBXFileReference; lastKnownFileType = sourcecode.c.h; path = SEScriptAssemblerDelegate.h; sourceTree = "<group>"; };
		A63F885E18AF82D4007FBE57 /* sample.sescript */ = {isa = PBXFileReference; fileEncoding = 4; lastKnownFileType = text; path = sample.sescript; sourceTree = "<group>"; };
		A6A6127418A7B0DA00CBD988 /* Foundation.framework */ = {isa = PBXFileReference; lastKnownFileType = wrapper.framework; name = Foundation.framework; path = System/Library/Frameworks/Foundation.framework; sourceTree = SDKROOT; };
		A6A6128218A7B0DA00CBD988 /* XCTest.framework */ = {isa = PBXFileReference; lastKnownFileType = wrapper.framework; name = XCTest.framework; path = Library/Frameworks/XCTest.framework; sourceTree = DEVELOPER_DIR; };
		A6AC921918AC921C00D43025 /* ScrivelEngineMacDemo.app */ = {isa = PBXFileReference; explicitFileType = wrapper.application; includeInIndex = 0; path = ScrivelEngineMacDemo.app; sourceTree = BUILT_PRODUCTS_DIR; };
		A6AC921D18AC921C00D43025 /* ScrivelEngineMacDemo-Info.plist */ = {isa = PBXFileReference; lastKnownFileType = text.plist.xml; path = "ScrivelEngineMacDemo-Info.plist"; sourceTree = "<group>"; };
		A6AC921F18AC921C00D43025 /* en */ = {isa = PBXFileReference; lastKnownFileType = text.plist.strings; name = en; path = en.lproj/InfoPlist.strings; sourceTree = "<group>"; };
		A6AC922118AC921C00D43025 /* main.m */ = {isa = PBXFileReference; lastKnownFileType = sourcecode.c.objc; path = main.m; sourceTree = "<group>"; };
		A6AC922318AC921C00D43025 /* ScrivelEngineMacDemo-Prefix.pch */ = {isa = PBXFileReference; lastKnownFileType = sourcecode.c.h; path = "ScrivelEngineMacDemo-Prefix.pch"; sourceTree = "<group>"; };
		A6AC922518AC921C00D43025 /* en */ = {isa = PBXFileReference; lastKnownFileType = text.rtf; name = en; path = en.lproj/Credits.rtf; sourceTree = "<group>"; };
		A6AC922718AC921C00D43025 /* SEDAppDelegate.h */ = {isa = PBXFileReference; lastKnownFileType = sourcecode.c.h; path = SEDAppDelegate.h; sourceTree = "<group>"; };
		A6AC922818AC921C00D43025 /* SEDAppDelegate.m */ = {isa = PBXFileReference; lastKnownFileType = sourcecode.c.objc; path = SEDAppDelegate.m; sourceTree = "<group>"; };
		A6AC922B18AC921C00D43025 /* Base */ = {isa = PBXFileReference; lastKnownFileType = file.xib; name = Base; path = Base.lproj/MainMenu.xib; sourceTree = "<group>"; };
		A6AC922D18AC921C00D43025 /* Images.xcassets */ = {isa = PBXFileReference; lastKnownFileType = folder.assetcatalog; path = Images.xcassets; sourceTree = "<group>"; };
		A6AC927E18AC95DB00D43025 /* Cocoa.framework */ = {isa = PBXFileReference; lastKnownFileType = wrapper.framework; name = Cocoa.framework; path = Platforms/MacOSX.platform/Developer/SDKs/MacOSX10.9.sdk/System/Library/Frameworks/Cocoa.framework; sourceTree = DEVELOPER_DIR; };
		A6AC928018AC95F200D43025 /* AppKit.framework */ = {isa = PBXFileReference; lastKnownFileType = wrapper.framework; name = AppKit.framework; path = Platforms/MacOSX.platform/Developer/SDKs/MacOSX10.9.sdk/System/Library/Frameworks/AppKit.framework; sourceTree = DEVELOPER_DIR; };
		A6AC928218AC95F700D43025 /* Foundation.framework */ = {isa = PBXFileReference; lastKnownFileType = wrapper.framework; name = Foundation.framework; path = Platforms/MacOSX.platform/Developer/SDKs/MacOSX10.9.sdk/System/Library/Frameworks/Foundation.framework; sourceTree = DEVELOPER_DIR; };
		A6AC928518AC960300D43025 /* UIKit.framework */ = {isa = PBXFileReference; lastKnownFileType = wrapper.framework; name = UIKit.framework; path = System/Library/Frameworks/UIKit.framework; sourceTree = SDKROOT; };
		A6D175FF18AE5C4700AB11AF /* PKTokenizerTests.m */ = {isa = PBXFileReference; fileEncoding = 4; lastKnownFileType = sourcecode.c.objc; path = PKTokenizerTests.m; sourceTree = "<group>"; };
		A6D1760C18AE628200AB11AF /* SEScriptParser.h */ = {isa = PBXFileReference; fileEncoding = 4; lastKnownFileType = sourcecode.c.h; path = SEScriptParser.h; sourceTree = "<group>"; };
		A6D1760D18AE628200AB11AF /* SEScriptParser.m */ = {isa = PBXFileReference; fileEncoding = 4; lastKnownFileType = sourcecode.c.objc; path = SEScriptParser.m; sourceTree = "<group>"; };
/* End PBXFileReference section */

/* Begin PBXFrameworksBuildPhase section */
		A60ECBB418AC8523000F7A40 /* Frameworks */ = {
			isa = PBXFrameworksBuildPhase;
			buildActionMask = 2147483647;
			files = (
				A63BB5DE18AD30310051FA9F /* libScrivelEngine.a in Frameworks */,
				A6AC928618AC960300D43025 /* UIKit.framework in Frameworks */,
				A60ECBBA18AC8523000F7A40 /* CoreGraphics.framework in Frameworks */,
				A60ECBB818AC8523000F7A40 /* Foundation.framework in Frameworks */,
			);
			runOnlyForDeploymentPostprocessing = 0;
		};
		A60ECBF018AC86A7000F7A40 /* Frameworks */ = {
			isa = PBXFrameworksBuildPhase;
			buildActionMask = 2147483647;
			files = (
				A63BB5DD18AD2DFD0051FA9F /* libParseKit-iOS.a in Frameworks */,
				A60ECBF418AC86A7000F7A40 /* Foundation.framework in Frameworks */,
			);
			runOnlyForDeploymentPostprocessing = 0;
		};
		A60ECBFD18AC86A7000F7A40 /* Frameworks */ = {
			isa = PBXFrameworksBuildPhase;
			buildActionMask = 2147483647;
			files = (
				A6AC92C018ACF44400D43025 /* libScrivelEngine.a in Frameworks */,
				A60ECC0118AC86A7000F7A40 /* XCTest.framework in Frameworks */,
				A60ECC0218AC86A7000F7A40 /* Foundation.framework in Frameworks */,
			);
			runOnlyForDeploymentPostprocessing = 0;
		};
		A60ECC2718AC8BE1000F7A40 /* Frameworks */ = {
			isa = PBXFrameworksBuildPhase;
			buildActionMask = 2147483647;
			files = (
				A63BB5F818AD348A0051FA9F /* libParseKit.a in Frameworks */,
				A6AC927F18AC95DB00D43025 /* Cocoa.framework in Frameworks */,
			);
			runOnlyForDeploymentPostprocessing = 0;
		};
		A63BB5E018AD30D30051FA9F /* Frameworks */ = {
			isa = PBXFrameworksBuildPhase;
			buildActionMask = 2147483647;
			files = (
				A63BB5F418AD31960051FA9F /* libScrivelEngineMac.a in Frameworks */,
				A63BB5F618AD34010051FA9F /* Foundation.framework in Frameworks */,
				A63BB5E418AD30D30051FA9F /* XCTest.framework in Frameworks */,
			);
			runOnlyForDeploymentPostprocessing = 0;
		};
		A6AC921618AC921C00D43025 /* Frameworks */ = {
			isa = PBXFrameworksBuildPhase;
			buildActionMask = 2147483647;
			files = (
				A63BB5F518AD33D70051FA9F /* libScrivelEngineMac.a in Frameworks */,
				A6AC928418AC95FC00D43025 /* Cocoa.framework in Frameworks */,
				A6AC928318AC95F700D43025 /* Foundation.framework in Frameworks */,
				A6AC928118AC95F200D43025 /* AppKit.framework in Frameworks */,
			);
			runOnlyForDeploymentPostprocessing = 0;
		};
/* End PBXFrameworksBuildPhase section */

/* Begin PBXGroup section */
		A60ECBBC18AC8523000F7A40 /* ScrivelEngineDemo */ = {
			isa = PBXGroup;
			children = (
				A60ECBC518AC8523000F7A40 /* SEDAppDelegate.h */,
				A60ECBC618AC8523000F7A40 /* SEDAppDelegate.m */,
				A60ECBC818AC8523000F7A40 /* Main.storyboard */,
				A60ECBCB18AC8523000F7A40 /* SEDViewController.h */,
				A60ECBCC18AC8523000F7A40 /* SEDViewController.m */,
				A60ECBCE18AC8523000F7A40 /* Images.xcassets */,
				A60ECBBD18AC8523000F7A40 /* Supporting Files */,
			);
			path = ScrivelEngineDemo;
			sourceTree = "<group>";
		};
		A60ECBBD18AC8523000F7A40 /* Supporting Files */ = {
			isa = PBXGroup;
			children = (
				A60ECBBE18AC8523000F7A40 /* ScrivelEngineDemo-Info.plist */,
				A60ECBBF18AC8523000F7A40 /* InfoPlist.strings */,
				A60ECBC218AC8523000F7A40 /* main.m */,
				A60ECBC418AC8523000F7A40 /* ScrivelEngineDemo-Prefix.pch */,
			);
			name = "Supporting Files";
			sourceTree = "<group>";
		};
		A60ECBE818AC864F000F7A40 /* ScrivelEngine */ = {
			isa = PBXGroup;
			children = (
				A63F885D18AF783E007FBE57 /* SEScriptAssemblerDelegate.h */,
				A60ECBEA18AC864F000F7A40 /* ScrivelEngine-Prefix.pch */,
				A60ECBEB18AC864F000F7A40 /* ScrivelEngine.h */,
				A6D1760C18AE628200AB11AF /* SEScriptParser.h */,
				A6D1760D18AE628200AB11AF /* SEScriptParser.m */,
				A60ECC1718AC8A46000F7A40 /* SEScript.h */,
				A60ECC1818AC8A46000F7A40 /* SEScript.m */,
				A60ECC1518AC8A46000F7A40 /* SEMethod.h */,
				A60ECC1618AC8A46000F7A40 /* SEMethod.m */,
				A60ECC1918AC8A46000F7A40 /* SEGlobalObject.h */,
				A60ECC1A18AC8A46000F7A40 /* SEGlobalObject.m */,
				A60ECC1B18AC8A46000F7A40 /* SEObject.h */,
				A60ECC1C18AC8A46000F7A40 /* SEObject.m */,
				A60ECC1D18AC8A46000F7A40 /* PKToken+ScrivelEngine.h */,
				A60ECC1E18AC8A46000F7A40 /* PKToken+ScrivelEngine.m */,
			);
			path = ScrivelEngine;
			sourceTree = "<group>";
		};
		A60ECC0718AC86A7000F7A40 /* ScrivelEngineTests */ = {
			isa = PBXGroup;
			children = (
				A60ECC0818AC86A7000F7A40 /* Supporting Files */,
				A60ECC2418AC8A5D000F7A40 /* SEScriptTests.m */,
				A6D175FF18AE5C4700AB11AF /* PKTokenizerTests.m */,
			);
			path = ScrivelEngineTests;
			sourceTree = "<group>";
		};
		A60ECC0818AC86A7000F7A40 /* Supporting Files */ = {
			isa = PBXGroup;
			children = (
				A60ECC0918AC86A7000F7A40 /* ScrivelEngineTests-Info.plist */,
				A60ECC0A18AC86A7000F7A40 /* InfoPlist.strings */,
			);
			name = "Supporting Files";
			sourceTree = "<group>";
		};
		A60ECC2D18AC8BE1000F7A40 /* Other Frameworks */ = {
			isa = PBXGroup;
			children = (
				A60ECC2E18AC8BE1000F7A40 /* Foundation.framework */,
				A60ECC2F18AC8BE1000F7A40 /* CoreData.framework */,
				A60ECC3018AC8BE1000F7A40 /* AppKit.framework */,
			);
			name = "Other Frameworks";
			sourceTree = "<group>";
		};
		A62FE7C418AE3FAB00F12E3A /* Resources */ = {
			isa = PBXGroup;
			children = (
				A63F885E18AF82D4007FBE57 /* sample.sescript */,
				A62FE7C718AE3FC500F12E3A /* script.grammer */,
			);
			path = Resources;
			sourceTree = "<group>";
		};
		A63BB5E518AD30D30051FA9F /* ScrivelEngineMacTests */ = {
			isa = PBXGroup;
			children = (
				A63BB5EB18AD30D30051FA9F /* ScrivelEngineMacTests.m */,
				A63BB5E618AD30D30051FA9F /* Supporting Files */,
			);
			path = ScrivelEngineMacTests;
			sourceTree = "<group>";
		};
		A63BB5E618AD30D30051FA9F /* Supporting Files */ = {
			isa = PBXGroup;
			children = (
				A63BB5E718AD30D30051FA9F /* ScrivelEngineMacTests-Info.plist */,
				A63BB5E818AD30D30051FA9F /* InfoPlist.strings */,
				A63BB5ED18AD30D30051FA9F /* ScrivelEngineMacTests-Prefix.pch */,
			);
			name = "Supporting Files";
			sourceTree = "<group>";
		};
		A6A6126818A7B0DA00CBD988 = {
			isa = PBXGroup;
			children = (
				A62FE7C418AE3FAB00F12E3A /* Resources */,
				A60ECBE818AC864F000F7A40 /* ScrivelEngine */,
				A60ECC0718AC86A7000F7A40 /* ScrivelEngineTests */,
				A60ECBBC18AC8523000F7A40 /* ScrivelEngineDemo */,
				A6AC921B18AC921C00D43025 /* ScrivelEngineMacDemo */,
				A63BB5E518AD30D30051FA9F /* ScrivelEngineMacTests */,
				A6A6127318A7B0DA00CBD988 /* Frameworks */,
				A6A6127218A7B0DA00CBD988 /* Products */,
			);
			sourceTree = "<group>";
		};
		A6A6127218A7B0DA00CBD988 /* Products */ = {
			isa = PBXGroup;
			children = (
				A60ECBB718AC8523000F7A40 /* ScrivelEngineDemo.app */,
				A60ECBF318AC86A7000F7A40 /* libScrivelEngine.a */,
				A60ECC0018AC86A7000F7A40 /* ScrivelEngineTests.xctest */,
				A60ECC2A18AC8BE1000F7A40 /* libScrivelEngineMac.a */,
				A6AC921918AC921C00D43025 /* ScrivelEngineMacDemo.app */,
				A63BB5E318AD30D30051FA9F /* ScrivelEngineMacTests.xctest */,
			);
			name = Products;
			sourceTree = "<group>";
		};
		A6A6127318A7B0DA00CBD988 /* Frameworks */ = {
			isa = PBXGroup;
			children = (
				A63BB5F718AD348A0051FA9F /* libParseKit.a */,
				A63BB5DC18AD2DFD0051FA9F /* libParseKit-iOS.a */,
				A638D30018AD20150008635E /* ParseKit.framework */,
				A638D2FE18AD20010008635E /* ParseKit.framework */,
				A638D2FC18AD1FCC0008635E /* libicucore.dylib */,
				A6AC928518AC960300D43025 /* UIKit.framework */,
				A6AC928218AC95F700D43025 /* Foundation.framework */,
				A6AC928018AC95F200D43025 /* AppKit.framework */,
				A6AC927E18AC95DB00D43025 /* Cocoa.framework */,
				A6A6127418A7B0DA00CBD988 /* Foundation.framework */,
				A6A6128218A7B0DA00CBD988 /* XCTest.framework */,
				A60ECBB918AC8523000F7A40 /* CoreGraphics.framework */,
				A62FE7A818AE3F4B00F12E3A /* CoreFoundation.framework */,
				A60ECC2D18AC8BE1000F7A40 /* Other Frameworks */,
			);
			name = Frameworks;
			sourceTree = "<group>";
		};
		A6AC921B18AC921C00D43025 /* ScrivelEngineMacDemo */ = {
			isa = PBXGroup;
			children = (
				A6AC922718AC921C00D43025 /* SEDAppDelegate.h */,
				A6AC922818AC921C00D43025 /* SEDAppDelegate.m */,
				A6AC922A18AC921C00D43025 /* MainMenu.xib */,
				A6AC922D18AC921C00D43025 /* Images.xcassets */,
				A6AC921C18AC921C00D43025 /* Supporting Files */,
			);
			path = ScrivelEngineMacDemo;
			sourceTree = "<group>";
		};
		A6AC921C18AC921C00D43025 /* Supporting Files */ = {
			isa = PBXGroup;
			children = (
				A6AC921D18AC921C00D43025 /* ScrivelEngineMacDemo-Info.plist */,
				A6AC921E18AC921C00D43025 /* InfoPlist.strings */,
				A6AC922118AC921C00D43025 /* main.m */,
				A6AC922318AC921C00D43025 /* ScrivelEngineMacDemo-Prefix.pch */,
				A6AC922418AC921C00D43025 /* Credits.rtf */,
			);
			name = "Supporting Files";
			sourceTree = "<group>";
		};
/* End PBXGroup section */

/* Begin PBXHeadersBuildPhase section */
		A60ECC2818AC8BE1000F7A40 /* Headers */ = {
			isa = PBXHeadersBuildPhase;
			buildActionMask = 2147483647;
			files = (
				A6D1760E18AE628200AB11AF /* SEScriptParser.h in Headers */,
			);
			runOnlyForDeploymentPostprocessing = 0;
		};
/* End PBXHeadersBuildPhase section */

/* Begin PBXNativeTarget section */
		A60ECBB618AC8523000F7A40 /* ScrivelEngineDemo */ = {
			isa = PBXNativeTarget;
			buildConfigurationList = A60ECBE218AC8524000F7A40 /* Build configuration list for PBXNativeTarget "ScrivelEngineDemo" */;
			buildPhases = (
				A60ECBB318AC8523000F7A40 /* Sources */,
				A60ECBB418AC8523000F7A40 /* Frameworks */,
				A6AC92BD18ACEFBC00D43025 /* Resources */,
			);
			buildRules = (
			);
			dependencies = (
				A6AC921418AC920200D43025 /* PBXTargetDependency */,
			);
			name = ScrivelEngineDemo;
			productName = ScrivelEngineDemo;
			productReference = A60ECBB718AC8523000F7A40 /* ScrivelEngineDemo.app */;
			productType = "com.apple.product-type.application";
		};
		A60ECBF218AC86A7000F7A40 /* ScrivelEngine */ = {
			isa = PBXNativeTarget;
			buildConfigurationList = A60ECC0F18AC86A7000F7A40 /* Build configuration list for PBXNativeTarget "ScrivelEngine" */;
			buildPhases = (
				A60ECBEF18AC86A7000F7A40 /* Sources */,
				A60ECBF018AC86A7000F7A40 /* Frameworks */,
				A62FE75D18AD9ED600F12E3A /* Resources */,
			);
			buildRules = (
			);
			dependencies = (
			);
			name = ScrivelEngine;
			productName = ScrivelEngine;
			productReference = A60ECBF318AC86A7000F7A40 /* libScrivelEngine.a */;
			productType = "com.apple.product-type.library.static";
		};
		A60ECBFF18AC86A7000F7A40 /* ScrivelEngineTests */ = {
			isa = PBXNativeTarget;
			buildConfigurationList = A60ECC1218AC86A7000F7A40 /* Build configuration list for PBXNativeTarget "ScrivelEngineTests" */;
			buildPhases = (
				A60ECBFC18AC86A7000F7A40 /* Sources */,
				A60ECBFD18AC86A7000F7A40 /* Frameworks */,
				A60ECBFE18AC86A7000F7A40 /* Resources */,
			);
			buildRules = (
			);
			dependencies = (
				A60ECC0518AC86A7000F7A40 /* PBXTargetDependency */,
			);
			name = ScrivelEngineTests;
			productName = ScrivelEngineTests;
			productReference = A60ECC0018AC86A7000F7A40 /* ScrivelEngineTests.xctest */;
			productType = "com.apple.product-type.bundle.unit-test";
		};
		A60ECC2918AC8BE1000F7A40 /* ScrivelEngineMac */ = {
			isa = PBXNativeTarget;
			buildConfigurationList = A60ECC4918AC8BE1000F7A40 /* Build configuration list for PBXNativeTarget "ScrivelEngineMac" */;
			buildPhases = (
				A60ECC2618AC8BE1000F7A40 /* Sources */,
				A60ECC2718AC8BE1000F7A40 /* Frameworks */,
				A60ECC2818AC8BE1000F7A40 /* Headers */,
			);
			buildRules = (
			);
			dependencies = (
			);
			name = ScrivelEngineMac;
			productName = ScrivelEngineMac;
			productReference = A60ECC2A18AC8BE1000F7A40 /* libScrivelEngineMac.a */;
			productType = "com.apple.product-type.library.static";
		};
		A63BB5E218AD30D30051FA9F /* ScrivelEngineMacTests */ = {
			isa = PBXNativeTarget;
			buildConfigurationList = A63BB5F018AD30D30051FA9F /* Build configuration list for PBXNativeTarget "ScrivelEngineMacTests" */;
			buildPhases = (
				A63BB5DF18AD30D30051FA9F /* Sources */,
				A63BB5E018AD30D30051FA9F /* Frameworks */,
				A63BB5E118AD30D30051FA9F /* Resources */,
			);
			buildRules = (
			);
			dependencies = (
				A63BB5EF18AD30D30051FA9F /* PBXTargetDependency */,
			);
			name = ScrivelEngineMacTests;
			productName = ScrivelEngineMacTests;
			productReference = A63BB5E318AD30D30051FA9F /* ScrivelEngineMacTests.xctest */;
			productType = "com.apple.product-type.bundle.unit-test";
		};
		A6AC921818AC921C00D43025 /* ScrivelEngineMacDemo */ = {
			isa = PBXNativeTarget;
			buildConfigurationList = A6AC924018AC921C00D43025 /* Build configuration list for PBXNativeTarget "ScrivelEngineMacDemo" */;
			buildPhases = (
				A6AC921518AC921C00D43025 /* Sources */,
				A6AC921618AC921C00D43025 /* Frameworks */,
				A6AC921718AC921C00D43025 /* Resources */,
			);
			buildRules = (
			);
			dependencies = (
				A6AC927C18AC937500D43025 /* PBXTargetDependency */,
			);
			name = ScrivelEngineMacDemo;
			productName = ScrivelEngineMacDemo;
			productReference = A6AC921918AC921C00D43025 /* ScrivelEngineMacDemo.app */;
			productType = "com.apple.product-type.application";
		};
/* End PBXNativeTarget section */

/* Begin PBXProject section */
		A6A6126918A7B0DA00CBD988 /* Project object */ = {
			isa = PBXProject;
			attributes = {
				LastUpgradeCheck = 0500;
				ORGANIZATIONNAME = scrivel;
				TargetAttributes = {
					A60ECBFF18AC86A7000F7A40 = {
						TestTargetID = A60ECBF218AC86A7000F7A40;
					};
					A63BB5E218AD30D30051FA9F = {
						TestTargetID = A60ECC2918AC8BE1000F7A40;
					};
				};
			};
			buildConfigurationList = A6A6126C18A7B0DA00CBD988 /* Build configuration list for PBXProject "ScrivelEngine" */;
			compatibilityVersion = "Xcode 3.2";
			developmentRegion = English;
			hasScannedForEncodings = 0;
			knownRegions = (
				en,
				Base,
			);
			mainGroup = A6A6126818A7B0DA00CBD988;
			productRefGroup = A6A6127218A7B0DA00CBD988 /* Products */;
			projectDirPath = "";
			projectRoot = "";
			targets = (
				A60ECBF218AC86A7000F7A40 /* ScrivelEngine */,
				A60ECC2918AC8BE1000F7A40 /* ScrivelEngineMac */,
				A60ECBFF18AC86A7000F7A40 /* ScrivelEngineTests */,
				A63BB5E218AD30D30051FA9F /* ScrivelEngineMacTests */,
				A60ECBB618AC8523000F7A40 /* ScrivelEngineDemo */,
				A6AC921818AC921C00D43025 /* ScrivelEngineMacDemo */,
			);
		};
/* End PBXProject section */

/* Begin PBXResourcesBuildPhase section */
		A60ECBFE18AC86A7000F7A40 /* Resources */ = {
			isa = PBXResourcesBuildPhase;
			buildActionMask = 2147483647;
			files = (
				A63F886018AF9DC3007FBE57 /* sample.sescript in Resources */,
				A60ECC0C18AC86A7000F7A40 /* InfoPlist.strings in Resources */,
			);
			runOnlyForDeploymentPostprocessing = 0;
		};
		A62FE75D18AD9ED600F12E3A /* Resources */ = {
			isa = PBXResourcesBuildPhase;
			buildActionMask = 2147483647;
			files = (
				A63F885F18AF82D4007FBE57 /* sample.sescript in Resources */,
			);
			runOnlyForDeploymentPostprocessing = 0;
		};
		A63BB5E118AD30D30051FA9F /* Resources */ = {
			isa = PBXResourcesBuildPhase;
			buildActionMask = 2147483647;
			files = (
				A63BB5EA18AD30D30051FA9F /* InfoPlist.strings in Resources */,
			);
			runOnlyForDeploymentPostprocessing = 0;
		};
		A6AC921718AC921C00D43025 /* Resources */ = {
			isa = PBXResourcesBuildPhase;
			buildActionMask = 2147483647;
			files = (
				A6AC922018AC921C00D43025 /* InfoPlist.strings in Resources */,
				A6AC922E18AC921C00D43025 /* Images.xcassets in Resources */,
				A6AC922618AC921C00D43025 /* Credits.rtf in Resources */,
				A6AC922C18AC921C00D43025 /* MainMenu.xib in Resources */,
			);
			runOnlyForDeploymentPostprocessing = 0;
		};
		A6AC92BD18ACEFBC00D43025 /* Resources */ = {
			isa = PBXResourcesBuildPhase;
			buildActionMask = 2147483647;
			files = (
			);
			runOnlyForDeploymentPostprocessing = 0;
		};
/* End PBXResourcesBuildPhase section */

/* Begin PBXSourcesBuildPhase section */
		A60ECBB318AC8523000F7A40 /* Sources */ = {
			isa = PBXSourcesBuildPhase;
			buildActionMask = 2147483647;
			files = (
				A60ECBCD18AC8523000F7A40 /* SEDViewController.m in Sources */,
				A60ECBC318AC8523000F7A40 /* main.m in Sources */,
				A60ECBC718AC8523000F7A40 /* SEDAppDelegate.m in Sources */,
			);
			runOnlyForDeploymentPostprocessing = 0;
		};
		A60ECBEF18AC86A7000F7A40 /* Sources */ = {
			isa = PBXSourcesBuildPhase;
			buildActionMask = 2147483647;
			files = (
				A60ECC2218AC8A46000F7A40 /* SEObject.m in Sources */,
				A60ECC2018AC8A46000F7A40 /* SEScript.m in Sources */,
				A60ECC2318AC8A46000F7A40 /* PKToken+ScrivelEngine.m in Sources */,
				A60ECC1F18AC8A46000F7A40 /* SEMethod.m in Sources */,
				A60ECC2118AC8A46000F7A40 /* SEGlobalObject.m in Sources */,
				A6D1760F18AE628200AB11AF /* SEScriptParser.m in Sources */,
			);
			runOnlyForDeploymentPostprocessing = 0;
		};
		A60ECBFC18AC86A7000F7A40 /* Sources */ = {
			isa = PBXSourcesBuildPhase;
			buildActionMask = 2147483647;
			files = (
				A6D1760018AE5C4700AB11AF /* PKTokenizerTests.m in Sources */,
				A60ECC2518AC8A5D000F7A40 /* SEScriptTests.m in Sources */,
			);
			runOnlyForDeploymentPostprocessing = 0;
		};
		A60ECC2618AC8BE1000F7A40 /* Sources */ = {
			isa = PBXSourcesBuildPhase;
			buildActionMask = 2147483647;
			files = (
				A60ECC5018AC8C54000F7A40 /* SEMethod.m in Sources */,
				A60ECC5118AC8C54000F7A40 /* SEScript.m in Sources */,
				A60ECC5218AC8C54000F7A40 /* SEGlobalObject.m in Sources */,
				A60ECC5318AC8C54000F7A40 /* SEObject.m in Sources */,
				A60ECC5418AC8C54000F7A40 /* PKToken+ScrivelEngine.m in Sources */,
				A6D1761018AE628200AB11AF /* SEScriptParser.m in Sources */,
			);
			runOnlyForDeploymentPostprocessing = 0;
		};
		A63BB5DF18AD30D30051FA9F /* Sources */ = {
			isa = PBXSourcesBuildPhase;
			buildActionMask = 2147483647;
			files = (
				A6D1760118AE5C4700AB11AF /* PKTokenizerTests.m in Sources */,
				A63BB5F318AD30EA0051FA9F /* SEScriptTests.m in Sources */,
			);
			runOnlyForDeploymentPostprocessing = 0;
		};
		A6AC921518AC921C00D43025 /* Sources */ = {
			isa = PBXSourcesBuildPhase;
			buildActionMask = 2147483647;
			files = (
				A6AC922218AC921C00D43025 /* main.m in Sources */,
				A6AC922918AC921C00D43025 /* SEDAppDelegate.m in Sources */,
			);
			runOnlyForDeploymentPostprocessing = 0;
		};
/* End PBXSourcesBuildPhase section */

/* Begin PBXTargetDependency section */
		A60ECC0518AC86A7000F7A40 /* PBXTargetDependency */ = {
			isa = PBXTargetDependency;
			target = A60ECBF218AC86A7000F7A40 /* ScrivelEngine */;
			targetProxy = A60ECC0418AC86A7000F7A40 /* PBXContainerItemProxy */;
		};
		A63BB5EF18AD30D30051FA9F /* PBXTargetDependency */ = {
			isa = PBXTargetDependency;
			target = A60ECC2918AC8BE1000F7A40 /* ScrivelEngineMac */;
			targetProxy = A63BB5EE18AD30D30051FA9F /* PBXContainerItemProxy */;
		};
		A6AC921418AC920200D43025 /* PBXTargetDependency */ = {
			isa = PBXTargetDependency;
			target = A60ECBF218AC86A7000F7A40 /* ScrivelEngine */;
			targetProxy = A6AC921318AC920200D43025 /* PBXContainerItemProxy */;
		};
		A6AC927C18AC937500D43025 /* PBXTargetDependency */ = {
			isa = PBXTargetDependency;
			target = A60ECC2918AC8BE1000F7A40 /* ScrivelEngineMac */;
			targetProxy = A6AC927B18AC937500D43025 /* PBXContainerItemProxy */;
		};
/* End PBXTargetDependency section */

/* Begin PBXVariantGroup section */
		A60ECBBF18AC8523000F7A40 /* InfoPlist.strings */ = {
			isa = PBXVariantGroup;
			children = (
				A60ECBC018AC8523000F7A40 /* en */,
			);
			name = InfoPlist.strings;
			sourceTree = "<group>";
		};
		A60ECBC818AC8523000F7A40 /* Main.storyboard */ = {
			isa = PBXVariantGroup;
			children = (
				A60ECBC918AC8523000F7A40 /* Base */,
			);
			name = Main.storyboard;
			sourceTree = "<group>";
		};
		A60ECC0A18AC86A7000F7A40 /* InfoPlist.strings */ = {
			isa = PBXVariantGroup;
			children = (
				A60ECC0B18AC86A7000F7A40 /* en */,
			);
			name = InfoPlist.strings;
			sourceTree = "<group>";
		};
		A63BB5E818AD30D30051FA9F /* InfoPlist.strings */ = {
			isa = PBXVariantGroup;
			children = (
				A63BB5E918AD30D30051FA9F /* en */,
			);
			name = InfoPlist.strings;
			sourceTree = "<group>";
		};
		A6AC921E18AC921C00D43025 /* InfoPlist.strings */ = {
			isa = PBXVariantGroup;
			children = (
				A6AC921F18AC921C00D43025 /* en */,
			);
			name = InfoPlist.strings;
			sourceTree = "<group>";
		};
		A6AC922418AC921C00D43025 /* Credits.rtf */ = {
			isa = PBXVariantGroup;
			children = (
				A6AC922518AC921C00D43025 /* en */,
			);
			name = Credits.rtf;
			sourceTree = "<group>";
		};
		A6AC922A18AC921C00D43025 /* MainMenu.xib */ = {
			isa = PBXVariantGroup;
			children = (
				A6AC922B18AC921C00D43025 /* Base */,
			);
			name = MainMenu.xib;
			sourceTree = "<group>";
		};
/* End PBXVariantGroup section */

/* Begin XCBuildConfiguration section */
		A60ECBE318AC8524000F7A40 /* Debug */ = {
			isa = XCBuildConfiguration;
			buildSettings = {
				ASSETCATALOG_COMPILER_APPICON_NAME = AppIcon;
				ASSETCATALOG_COMPILER_LAUNCHIMAGE_NAME = LaunchImage;
				"CODE_SIGN_IDENTITY[sdk=iphoneos*]" = "iPhone Developer";
				FRAMEWORK_SEARCH_PATHS = (
					"$(inherited)",
					"$(DEVELOPER_FRAMEWORKS_DIR)",
					/Users/keroxp/Development/iOS/ScrivelEngine/Frameworks,
				);
				GCC_PRECOMPILE_PREFIX_HEADER = YES;
				GCC_PREFIX_HEADER = "ScrivelEngineDemo/ScrivelEngineDemo-Prefix.pch";
				GCC_PREPROCESSOR_DEFINITIONS = (
					"DEBUG=1",
					"$(inherited)",
				);
				INFOPLIST_FILE = "ScrivelEngineDemo/ScrivelEngineDemo-Info.plist";
				ONLY_ACTIVE_ARCH = YES;
				OTHER_LDFLAGS = (
					"-ObjC",
					"-licucore",
					"-framework",
					Foundation,
					"$(inherited)",
				);
				PRODUCT_NAME = "$(TARGET_NAME)";
				VALID_ARCHS = "armv6 armv7 armv7s arm64 i386";
				WRAPPER_EXTENSION = app;
			};
			name = Debug;
		};
		A60ECBE418AC8524000F7A40 /* Release */ = {
			isa = XCBuildConfiguration;
			buildSettings = {
				ASSETCATALOG_COMPILER_APPICON_NAME = AppIcon;
				ASSETCATALOG_COMPILER_LAUNCHIMAGE_NAME = LaunchImage;
				"CODE_SIGN_IDENTITY[sdk=iphoneos*]" = "iPhone Developer";
				FRAMEWORK_SEARCH_PATHS = (
					"$(inherited)",
					"$(DEVELOPER_FRAMEWORKS_DIR)",
					/Users/keroxp/Development/iOS/ScrivelEngine/Frameworks,
				);
				GCC_PRECOMPILE_PREFIX_HEADER = YES;
				GCC_PREFIX_HEADER = "ScrivelEngineDemo/ScrivelEngineDemo-Prefix.pch";
				INFOPLIST_FILE = "ScrivelEngineDemo/ScrivelEngineDemo-Info.plist";
				ONLY_ACTIVE_ARCH = YES;
				OTHER_LDFLAGS = (
					"-ObjC",
					"-licucore",
					"-framework",
					Foundation,
					"$(inherited)",
				);
				PRODUCT_NAME = "$(TARGET_NAME)";
				VALID_ARCHS = "armv6 armv7 armv7s arm64 i386";
				WRAPPER_EXTENSION = app;
			};
			name = Release;
		};
		A60ECC1018AC86A7000F7A40 /* Debug */ = {
			isa = XCBuildConfiguration;
			buildSettings = {
				ALWAYS_SEARCH_USER_PATHS = NO;
				DSTROOT = /tmp/ScrivelEngine.dst;
				FRAMEWORK_SEARCH_PATHS = "$(inherited)";
				GCC_PRECOMPILE_PREFIX_HEADER = YES;
				GCC_PREFIX_HEADER = "ScrivelEngine/ScrivelEngine-Prefix.pch";
				GCC_PREPROCESSOR_DEFINITIONS = (
					"DEBUG=1",
					"$(inherited)",
				);
				HEADER_SEARCH_PATHS = "$(inherited)";
				LIBRARY_SEARCH_PATHS = (
					"$(inherited)",
					"/Users/keroxp/Development/iOS/ScrivelEngine/External/ParseKit/build/Debug-iphoneuniversal",
				);
				MACH_O_TYPE = staticlib;
				OTHER_LDFLAGS = "$(inherited)";
				PRODUCT_NAME = "$(TARGET_NAME)";
				PUBLIC_HEADERS_FOLDER_PATH = /usr/local/lib;
				SKIP_INSTALL = YES;
			};
			name = Debug;
		};
		A60ECC1118AC86A7000F7A40 /* Release */ = {
			isa = XCBuildConfiguration;
			buildSettings = {
				ALWAYS_SEARCH_USER_PATHS = NO;
				DSTROOT = /tmp/ScrivelEngine.dst;
				FRAMEWORK_SEARCH_PATHS = "$(inherited)";
				GCC_PRECOMPILE_PREFIX_HEADER = YES;
				GCC_PREFIX_HEADER = "ScrivelEngine/ScrivelEngine-Prefix.pch";
				HEADER_SEARCH_PATHS = "$(inherited)";
				LIBRARY_SEARCH_PATHS = (
					"$(inherited)",
					"/Users/keroxp/Development/iOS/ScrivelEngine/External/ParseKit/build/Debug-iphoneuniversal",
				);
				MACH_O_TYPE = staticlib;
				OTHER_LDFLAGS = "$(inherited)";
				PRODUCT_NAME = "$(TARGET_NAME)";
				PUBLIC_HEADERS_FOLDER_PATH = /usr/local/lib;
				SKIP_INSTALL = YES;
			};
			name = Release;
		};
		A60ECC1318AC86A7000F7A40 /* Debug */ = {
			isa = XCBuildConfiguration;
			buildSettings = {
				ARCHS = "$(ARCHS_STANDARD)";
				FRAMEWORK_SEARCH_PATHS = (
					"$(SDKROOT)/Developer/Library/Frameworks",
					"$(inherited)",
					"$(DEVELOPER_FRAMEWORKS_DIR)",
				);
				GCC_PRECOMPILE_PREFIX_HEADER = YES;
				GCC_PREFIX_HEADER = "ScrivelEngine/ScrivelEngine-Prefix.pch";
				GCC_PREPROCESSOR_DEFINITIONS = (
					"DEBUG=1",
					"$(inherited)",
				);
				HEADER_SEARCH_PATHS = "$(inherited)";
				INFOPLIST_FILE = "ScrivelEngineTests/ScrivelEngineTests-Info.plist";
				IPHONEOS_DEPLOYMENT_TARGET = 6.0;
				LIBRARY_SEARCH_PATHS = "$(inherited)";
				ONLY_ACTIVE_ARCH = NO;
				OTHER_LDFLAGS = (
					"$(inherited)",
					"-framework",
					XCTest,
					"-ObjC",
					"-licucore",
				);
				PRODUCT_NAME = "$(TARGET_NAME)";
				VALID_ARCHS = "arm64 armv7 armv7s";
				WRAPPER_EXTENSION = xctest;
			};
			name = Debug;
		};
		A60ECC1418AC86A7000F7A40 /* Release */ = {
			isa = XCBuildConfiguration;
			buildSettings = {
				ARCHS = "$(ARCHS_STANDARD)";
				FRAMEWORK_SEARCH_PATHS = (
					"$(SDKROOT)/Developer/Library/Frameworks",
					"$(inherited)",
					"$(DEVELOPER_FRAMEWORKS_DIR)",
				);
				GCC_PRECOMPILE_PREFIX_HEADER = YES;
				GCC_PREFIX_HEADER = "ScrivelEngine/ScrivelEngine-Prefix.pch";
				HEADER_SEARCH_PATHS = "$(inherited)";
				INFOPLIST_FILE = "ScrivelEngineTests/ScrivelEngineTests-Info.plist";
				IPHONEOS_DEPLOYMENT_TARGET = 6.0;
				LIBRARY_SEARCH_PATHS = "$(inherited)";
				ONLY_ACTIVE_ARCH = NO;
				OTHER_LDFLAGS = (
					"$(inherited)",
					"-framework",
					XCTest,
					"-ObjC",
					"-licucore",
				);
				PRODUCT_NAME = "$(TARGET_NAME)";
				VALID_ARCHS = "arm64 armv7 armv7s";
				WRAPPER_EXTENSION = xctest;
			};
			name = Release;
		};
		A60ECC4A18AC8BE1000F7A40 /* Debug */ = {
			isa = XCBuildConfiguration;
			buildSettings = {
				FRAMEWORK_SEARCH_PATHS = (
					"$(inherited)",
					"$(DEVELOPER_FRAMEWORKS_DIR)",
					"$(BUILT_PRODUCTS_DIR)/**",
				);
				GCC_ENABLE_OBJC_EXCEPTIONS = YES;
				GCC_PRECOMPILE_PREFIX_HEADER = YES;
				GCC_PREFIX_HEADER = "ScrivelEngine/ScrivelEngine-Prefix.pch";
				GCC_PREPROCESSOR_DEFINITIONS = (
					"DEBUG=1",
					"$(inherited)",
				);
				HEADER_SEARCH_PATHS = (
					"$(inherited)",
					/Applications/Xcode.app/Contents/Developer/Toolchains/XcodeDefault.xctoolchain/usr/include,
				);
				LIBRARY_SEARCH_PATHS = "$(inherited)";
				MACOSX_DEPLOYMENT_TARGET = 10.7;
				OTHER_LDFLAGS = "$(inherited)";
				PRODUCT_NAME = "$(TARGET_NAME)";
				SDKROOT = macosx;
				VALID_ARCHS = x86_64;
			};
			name = Debug;
		};
		A60ECC4B18AC8BE1000F7A40 /* Release */ = {
			isa = XCBuildConfiguration;
			buildSettings = {
				DEBUG_INFORMATION_FORMAT = "dwarf-with-dsym";
				FRAMEWORK_SEARCH_PATHS = (
					"$(inherited)",
					"$(DEVELOPER_FRAMEWORKS_DIR)",
					"$(BUILT_PRODUCTS_DIR)/**",
				);
				GCC_ENABLE_OBJC_EXCEPTIONS = YES;
				GCC_PRECOMPILE_PREFIX_HEADER = YES;
				GCC_PREFIX_HEADER = "ScrivelEngine/ScrivelEngine-Prefix.pch";
				HEADER_SEARCH_PATHS = (
					"$(inherited)",
					/Applications/Xcode.app/Contents/Developer/Toolchains/XcodeDefault.xctoolchain/usr/include,
				);
				LIBRARY_SEARCH_PATHS = "$(inherited)";
				MACOSX_DEPLOYMENT_TARGET = 10.7;
				OTHER_LDFLAGS = "$(inherited)";
				PRODUCT_NAME = "$(TARGET_NAME)";
				SDKROOT = macosx;
				VALID_ARCHS = x86_64;
			};
			name = Release;
		};
		A63BB5F118AD30D30051FA9F /* Debug */ = {
			isa = XCBuildConfiguration;
			buildSettings = {
				ALWAYS_SEARCH_USER_PATHS = NO;
				COMBINE_HIDPI_IMAGES = YES;
				FRAMEWORK_SEARCH_PATHS = (
					"$(DEVELOPER_FRAMEWORKS_DIR)",
					"$(inherited)",
				);
				GCC_ENABLE_OBJC_EXCEPTIONS = YES;
				GCC_PRECOMPILE_PREFIX_HEADER = YES;
				GCC_PREFIX_HEADER = "ScrivelEngineMacTests/ScrivelEngineMacTests-Prefix.pch";
				GCC_PREPROCESSOR_DEFINITIONS = (
					"DEBUG=1",
					"$(inherited)",
				);
				HEADER_SEARCH_PATHS = (
					"$(inherited)",
					/Applications/Xcode.app/Contents/Developer/Toolchains/XcodeDefault.xctoolchain/usr/include,
				);
				INFOPLIST_FILE = "ScrivelEngineMacTests/ScrivelEngineMacTests-Info.plist";
				MACOSX_DEPLOYMENT_TARGET = 10.9;
				OTHER_LDFLAGS = (
					"-ObjC",
					"-licucore",
				);
				PRODUCT_NAME = "$(TARGET_NAME)";
				SDKROOT = macosx;
				VALID_ARCHS = x86_64;
				WRAPPER_EXTENSION = xctest;
			};
			name = Debug;
		};
		A63BB5F218AD30D30051FA9F /* Release */ = {
			isa = XCBuildConfiguration;
			buildSettings = {
				ALWAYS_SEARCH_USER_PATHS = NO;
				COMBINE_HIDPI_IMAGES = YES;
				DEBUG_INFORMATION_FORMAT = "dwarf-with-dsym";
				FRAMEWORK_SEARCH_PATHS = (
					"$(DEVELOPER_FRAMEWORKS_DIR)",
					"$(inherited)",
				);
				GCC_ENABLE_OBJC_EXCEPTIONS = YES;
				GCC_PRECOMPILE_PREFIX_HEADER = YES;
				GCC_PREFIX_HEADER = "ScrivelEngineMacTests/ScrivelEngineMacTests-Prefix.pch";
				HEADER_SEARCH_PATHS = (
					"$(inherited)",
					/Applications/Xcode.app/Contents/Developer/Toolchains/XcodeDefault.xctoolchain/usr/include,
				);
				INFOPLIST_FILE = "ScrivelEngineMacTests/ScrivelEngineMacTests-Info.plist";
				MACOSX_DEPLOYMENT_TARGET = 10.9;
				OTHER_LDFLAGS = (
					"-ObjC",
					"-licucore",
				);
				PRODUCT_NAME = "$(TARGET_NAME)";
				SDKROOT = macosx;
				VALID_ARCHS = x86_64;
				WRAPPER_EXTENSION = xctest;
			};
			name = Release;
		};
		A6A6129218A7B0DA00CBD988 /* Debug */ = {
			isa = XCBuildConfiguration;
			buildSettings = {
				ALWAYS_SEARCH_USER_PATHS = YES;
				CLANG_CXX_LANGUAGE_STANDARD = "gnu++0x";
				CLANG_CXX_LIBRARY = "libc++";
				CLANG_ENABLE_MODULES = YES;
				CLANG_ENABLE_OBJC_ARC = YES;
				CLANG_WARN_BOOL_CONVERSION = YES;
				CLANG_WARN_CONSTANT_CONVERSION = YES;
				CLANG_WARN_DIRECT_OBJC_ISA_USAGE = YES_ERROR;
				CLANG_WARN_EMPTY_BODY = YES;
				CLANG_WARN_ENUM_CONVERSION = YES;
				CLANG_WARN_INT_CONVERSION = YES;
				CLANG_WARN_OBJC_ROOT_CLASS = YES_ERROR;
				CLANG_WARN__DUPLICATE_METHOD_MATCH = YES;
				COPY_PHASE_STRIP = NO;
				FRAMEWORK_SEARCH_PATHS = "";
				GCC_C_LANGUAGE_STANDARD = gnu99;
				GCC_DYNAMIC_NO_PIC = NO;
				GCC_OPTIMIZATION_LEVEL = 0;
				GCC_PREPROCESSOR_DEFINITIONS = (
					"DEBUG=1",
					"$(inherited)",
				);
				GCC_SYMBOLS_PRIVATE_EXTERN = NO;
				GCC_WARN_64_TO_32_BIT_CONVERSION = YES;
				GCC_WARN_ABOUT_RETURN_TYPE = YES_ERROR;
				GCC_WARN_UNDECLARED_SELECTOR = YES;
				GCC_WARN_UNINITIALIZED_AUTOS = YES;
				GCC_WARN_UNUSED_FUNCTION = YES;
				GCC_WARN_UNUSED_VARIABLE = YES;
				HEADER_SEARCH_PATHS = (
					/Applications/Xcode.app/Contents/Developer/Toolchains/XcodeDefault.xctoolchain/usr/include,
					"${SRCROOT}/External/ParseKit/include",
				);
				IPHONEOS_DEPLOYMENT_TARGET = 6.0;
				LIBRARY_SEARCH_PATHS = (
					"$(inherited)",
					"$(BUILT_PRODUCTS_DIR)/**",
				);
				MACOSX_DEPLOYMENT_TARGET = 10.7;
				ONLY_ACTIVE_ARCH = YES;
				OTHER_LDFLAGS = "";
				SDKROOT = iphoneos;
			};
			name = Debug;
		};
		A6A6129318A7B0DA00CBD988 /* Release */ = {
			isa = XCBuildConfiguration;
			buildSettings = {
				ALWAYS_SEARCH_USER_PATHS = YES;
				CLANG_CXX_LANGUAGE_STANDARD = "gnu++0x";
				CLANG_CXX_LIBRARY = "libc++";
				CLANG_ENABLE_MODULES = YES;
				CLANG_ENABLE_OBJC_ARC = YES;
				CLANG_WARN_BOOL_CONVERSION = YES;
				CLANG_WARN_CONSTANT_CONVERSION = YES;
				CLANG_WARN_DIRECT_OBJC_ISA_USAGE = YES_ERROR;
				CLANG_WARN_EMPTY_BODY = YES;
				CLANG_WARN_ENUM_CONVERSION = YES;
				CLANG_WARN_INT_CONVERSION = YES;
				CLANG_WARN_OBJC_ROOT_CLASS = YES_ERROR;
				CLANG_WARN__DUPLICATE_METHOD_MATCH = YES;
				COPY_PHASE_STRIP = YES;
				ENABLE_NS_ASSERTIONS = NO;
				FRAMEWORK_SEARCH_PATHS = "";
				GCC_C_LANGUAGE_STANDARD = gnu99;
				GCC_WARN_64_TO_32_BIT_CONVERSION = YES;
				GCC_WARN_ABOUT_RETURN_TYPE = YES_ERROR;
				GCC_WARN_UNDECLARED_SELECTOR = YES;
				GCC_WARN_UNINITIALIZED_AUTOS = YES;
				GCC_WARN_UNUSED_FUNCTION = YES;
				GCC_WARN_UNUSED_VARIABLE = YES;
				HEADER_SEARCH_PATHS = (
					/Applications/Xcode.app/Contents/Developer/Toolchains/XcodeDefault.xctoolchain/usr/include,
					"${SRCROOT}/External/ParseKit/include",
				);
				IPHONEOS_DEPLOYMENT_TARGET = 6.0;
				LIBRARY_SEARCH_PATHS = (
					"$(inherited)",
					"$(BUILT_PRODUCTS_DIR)/**",
				);
				MACOSX_DEPLOYMENT_TARGET = 10.7;
				OTHER_LDFLAGS = "";
				SDKROOT = iphoneos;
				VALIDATE_PRODUCT = YES;
			};
			name = Release;
		};
		A6AC924118AC921C00D43025 /* Debug */ = {
			isa = XCBuildConfiguration;
			buildSettings = {
				ASSETCATALOG_COMPILER_APPICON_NAME = AppIcon;
				COMBINE_HIDPI_IMAGES = YES;
				FRAMEWORK_SEARCH_PATHS = (
					"$(inherited)",
					"$(DEVELOPER_FRAMEWORKS_DIR)",
				);
				GCC_ENABLE_OBJC_EXCEPTIONS = YES;
				GCC_PRECOMPILE_PREFIX_HEADER = YES;
				GCC_PREFIX_HEADER = "ScrivelEngineMacDemo/ScrivelEngineMacDemo-Prefix.pch";
				GCC_PREPROCESSOR_DEFINITIONS = (
					"DEBUG=1",
					"$(inherited)",
				);
				INFOPLIST_FILE = "ScrivelEngineMacDemo/ScrivelEngineMacDemo-Info.plist";
				MACOSX_DEPLOYMENT_TARGET = 10.9;
				PRODUCT_NAME = "$(TARGET_NAME)";
				SDKROOT = macosx;
				WRAPPER_EXTENSION = app;
			};
			name = Debug;
		};
		A6AC924218AC921C00D43025 /* Release */ = {
			isa = XCBuildConfiguration;
			buildSettings = {
				ASSETCATALOG_COMPILER_APPICON_NAME = AppIcon;
				COMBINE_HIDPI_IMAGES = YES;
				DEBUG_INFORMATION_FORMAT = "dwarf-with-dsym";
				FRAMEWORK_SEARCH_PATHS = (
					"$(inherited)",
					"$(DEVELOPER_FRAMEWORKS_DIR)",
				);
				GCC_ENABLE_OBJC_EXCEPTIONS = YES;
				GCC_PRECOMPILE_PREFIX_HEADER = YES;
				GCC_PREFIX_HEADER = "ScrivelEngineMacDemo/ScrivelEngineMacDemo-Prefix.pch";
				INFOPLIST_FILE = "ScrivelEngineMacDemo/ScrivelEngineMacDemo-Info.plist";
				MACOSX_DEPLOYMENT_TARGET = 10.9;
				PRODUCT_NAME = "$(TARGET_NAME)";
				SDKROOT = macosx;
				WRAPPER_EXTENSION = app;
			};
			name = Release;
		};
/* End XCBuildConfiguration section */

/* Begin XCConfigurationList section */
		A60ECBE218AC8524000F7A40 /* Build configuration list for PBXNativeTarget "ScrivelEngineDemo" */ = {
			isa = XCConfigurationList;
			buildConfigurations = (
				A60ECBE318AC8524000F7A40 /* Debug */,
				A60ECBE418AC8524000F7A40 /* Release */,
			);
			defaultConfigurationIsVisible = 0;
			defaultConfigurationName = Release;
		};
		A60ECC0F18AC86A7000F7A40 /* Build configuration list for PBXNativeTarget "ScrivelEngine" */ = {
			isa = XCConfigurationList;
			buildConfigurations = (
				A60ECC1018AC86A7000F7A40 /* Debug */,
				A60ECC1118AC86A7000F7A40 /* Release */,
			);
			defaultConfigurationIsVisible = 0;
			defaultConfigurationName = Release;
		};
		A60ECC1218AC86A7000F7A40 /* Build configuration list for PBXNativeTarget "ScrivelEngineTests" */ = {
			isa = XCConfigurationList;
			buildConfigurations = (
				A60ECC1318AC86A7000F7A40 /* Debug */,
				A60ECC1418AC86A7000F7A40 /* Release */,
			);
			defaultConfigurationIsVisible = 0;
			defaultConfigurationName = Release;
		};
		A60ECC4918AC8BE1000F7A40 /* Build configuration list for PBXNativeTarget "ScrivelEngineMac" */ = {
			isa = XCConfigurationList;
			buildConfigurations = (
				A60ECC4A18AC8BE1000F7A40 /* Debug */,
				A60ECC4B18AC8BE1000F7A40 /* Release */,
			);
			defaultConfigurationIsVisible = 0;
			defaultConfigurationName = Release;
		};
		A63BB5F018AD30D30051FA9F /* Build configuration list for PBXNativeTarget "ScrivelEngineMacTests" */ = {
			isa = XCConfigurationList;
			buildConfigurations = (
				A63BB5F118AD30D30051FA9F /* Debug */,
				A63BB5F218AD30D30051FA9F /* Release */,
			);
			defaultConfigurationIsVisible = 0;
			defaultConfigurationName = Release;
		};
		A6A6126C18A7B0DA00CBD988 /* Build configuration list for PBXProject "ScrivelEngine" */ = {
			isa = XCConfigurationList;
			buildConfigurations = (
				A6A6129218A7B0DA00CBD988 /* Debug */,
				A6A6129318A7B0DA00CBD988 /* Release */,
			);
			defaultConfigurationIsVisible = 0;
			defaultConfigurationName = Release;
		};
		A6AC924018AC921C00D43025 /* Build configuration list for PBXNativeTarget "ScrivelEngineMacDemo" */ = {
			isa = XCConfigurationList;
			buildConfigurations = (
				A6AC924118AC921C00D43025 /* Debug */,
				A6AC924218AC921C00D43025 /* Release */,
			);
			defaultConfigurationIsVisible = 0;
			defaultConfigurationName = Release;
		};
/* End XCConfigurationList section */
	};
	rootObject = A6A6126918A7B0DA00CBD988 /* Project object */;
}
